// !$*UTF8*$!
{
	archiveVersion = 1;
	classes = {
	};
	objectVersion = 56;
	objects = {

/* Begin PBXBuildFile section */
		714D176829C6350F00175FD2 /* AppDelegate.swift in Sources */ = {isa = PBXBuildFile; fileRef = 714D176729C6350F00175FD2 /* AppDelegate.swift */; };
		714D176A29C6350F00175FD2 /* SceneDelegate.swift in Sources */ = {isa = PBXBuildFile; fileRef = 714D176929C6350F00175FD2 /* SceneDelegate.swift */; };
		714D177229C6350F00175FD2 /* notyng.xcdatamodeld in Sources */ = {isa = PBXBuildFile; fileRef = 714D177029C6350F00175FD2 /* notyng.xcdatamodeld */; };
		714D177429C6351200175FD2 /* Assets.xcassets in Resources */ = {isa = PBXBuildFile; fileRef = 714D177329C6351200175FD2 /* Assets.xcassets */; };
		714D177729C6351200175FD2 /* LaunchScreen.storyboard in Resources */ = {isa = PBXBuildFile; fileRef = 714D177529C6351200175FD2 /* LaunchScreen.storyboard */; };
		714D178129C63B2F00175FD2 /* Color.swift in Sources */ = {isa = PBXBuildFile; fileRef = 714D178029C63B2F00175FD2 /* Color.swift */; };
		714D178329C7E2E100175FD2 /* ProductConstant.swift in Sources */ = {isa = PBXBuildFile; fileRef = 714D178229C7E2E100175FD2 /* ProductConstant.swift */; };
		714D17CE29C8038700175FD2 /* DataManager.swift in Sources */ = {isa = PBXBuildFile; fileRef = 714D17CD29C8038700175FD2 /* DataManager.swift */; };
		7182775829CB533C0096E7AC /* Nexa-Heavy.ttf in Resources */ = {isa = PBXBuildFile; fileRef = 7182775629CB533B0096E7AC /* Nexa-Heavy.ttf */; };
		7182775929CB533C0096E7AC /* Nexa-ExtraLight.ttf in Resources */ = {isa = PBXBuildFile; fileRef = 7182775729CB533B0096E7AC /* Nexa-ExtraLight.ttf */; };
		7182775C29CB56F00096E7AC /* FloatingButton.swift in Sources */ = {isa = PBXBuildFile; fileRef = 7182775B29CB56F00096E7AC /* FloatingButton.swift */; };
		71BEEC7429CE0BF5002ED7EF /* Product+CoreDataClass.swift in Sources */ = {isa = PBXBuildFile; fileRef = 71BEEC7029CE0BF5002ED7EF /* Product+CoreDataClass.swift */; };
		71BEEC7529CE0BF5002ED7EF /* Order+CoreDataProperties.swift in Sources */ = {isa = PBXBuildFile; fileRef = 71BEEC7129CE0BF5002ED7EF /* Order+CoreDataProperties.swift */; };
		71BEEC7629CE0BF5002ED7EF /* Product+CoreDataProperties.swift in Sources */ = {isa = PBXBuildFile; fileRef = 71BEEC7229CE0BF5002ED7EF /* Product+CoreDataProperties.swift */; };
		71BEEC7729CE0BF5002ED7EF /* Order+CoreDataClass.swift in Sources */ = {isa = PBXBuildFile; fileRef = 71BEEC7329CE0BF5002ED7EF /* Order+CoreDataClass.swift */; };
		71C1EA3E29CBEBA90003407B /* ProductItem.swift in Sources */ = {isa = PBXBuildFile; fileRef = 71C1EA3D29CBEBA90003407B /* ProductItem.swift */; };
		71C1EA4029CCAD670003407B /* Int16.swift in Sources */ = {isa = PBXBuildFile; fileRef = 71C1EA3F29CCAD670003407B /* Int16.swift */; };
		71CC84C529C8FB930058D1EC /* IQKeyboardManagerSwift in Frameworks */ = {isa = PBXBuildFile; productRef = 71CC84C429C8FB930058D1EC /* IQKeyboardManagerSwift */; };
		71CC84C829C8FBCA0058D1EC /* Lottie in Frameworks */ = {isa = PBXBuildFile; productRef = 71CC84C729C8FBCA0058D1EC /* Lottie */; };
		71CC84CC29C8FE310058D1EC /* lottie_order_animation.json in Resources */ = {isa = PBXBuildFile; fileRef = 71CC84CB29C8FE310058D1EC /* lottie_order_animation.json */; };
		71CC84D629C9043E0058D1EC /* Font.swift in Sources */ = {isa = PBXBuildFile; fileRef = 71CC84D529C9043E0058D1EC /* Font.swift */; };
		71CC84D829C906070058D1EC /* ValueConst.swift in Sources */ = {isa = PBXBuildFile; fileRef = 71CC84D729C906070058D1EC /* ValueConst.swift */; };
		71CC84E029C92F6E0058D1EC /* DashboardViewController.swift in Sources */ = {isa = PBXBuildFile; fileRef = 71CC84DF29C92F6E0058D1EC /* DashboardViewController.swift */; };
		71CC84E529C9311B0058D1EC /* OrderTableViewCell.swift in Sources */ = {isa = PBXBuildFile; fileRef = 71CC84E429C9311B0058D1EC /* OrderTableViewCell.swift */; };
		71CC84E729C93DAC0058D1EC /* Date.swift in Sources */ = {isa = PBXBuildFile; fileRef = 71CC84E629C93DAC0058D1EC /* Date.swift */; };
		71CC84E929C9BDDA0058D1EC /* Icon.swift in Sources */ = {isa = PBXBuildFile; fileRef = 71CC84E829C9BDDA0058D1EC /* Icon.swift */; };
		71CC84EE29C9C1230058D1EC /* DashboardProtocol.swift in Sources */ = {isa = PBXBuildFile; fileRef = 71CC84ED29C9C1230058D1EC /* DashboardProtocol.swift */; };
		71CC84F129C9C1470058D1EC /* DashboardViewModel.swift in Sources */ = {isa = PBXBuildFile; fileRef = 71CC84F029C9C1470058D1EC /* DashboardViewModel.swift */; };
		71EEB8BB29CCF2CF0044CE44 /* Hero in Frameworks */ = {isa = PBXBuildFile; productRef = 71EEB8BA29CCF2CF0044CE44 /* Hero */; };
		71EEB8BF29CCF3900044CE44 /* OrderViewController.swift in Sources */ = {isa = PBXBuildFile; fileRef = 71EEB8BE29CCF3900044CE44 /* OrderViewController.swift */; };
		71EEB8C129CD0B760044CE44 /* HeroId.swift in Sources */ = {isa = PBXBuildFile; fileRef = 71EEB8C029CD0B760044CE44 /* HeroId.swift */; };
		71EEB8C429CD10F50044CE44 /* ProductTableViewCell.swift in Sources */ = {isa = PBXBuildFile; fileRef = 71EEB8C329CD10F50044CE44 /* ProductTableViewCell.swift */; };
		71EEB8C729CD653A0044CE44 /* OrderViewModel.swift in Sources */ = {isa = PBXBuildFile; fileRef = 71EEB8C629CD653A0044CE44 /* OrderViewModel.swift */; };
		71EEB8CA29CD65890044CE44 /* OrderProtocol.swift in Sources */ = {isa = PBXBuildFile; fileRef = 71EEB8C929CD65890044CE44 /* OrderProtocol.swift */; };
/* End PBXBuildFile section */

/* Begin PBXFileReference section */
		714D176429C6350F00175FD2 /* notyng.app */ = {isa = PBXFileReference; explicitFileType = wrapper.application; includeInIndex = 0; path = notyng.app; sourceTree = BUILT_PRODUCTS_DIR; };
		714D176729C6350F00175FD2 /* AppDelegate.swift */ = {isa = PBXFileReference; lastKnownFileType = sourcecode.swift; path = AppDelegate.swift; sourceTree = "<group>"; };
		714D176929C6350F00175FD2 /* SceneDelegate.swift */ = {isa = PBXFileReference; lastKnownFileType = sourcecode.swift; path = SceneDelegate.swift; sourceTree = "<group>"; };
		714D177129C6350F00175FD2 /* notyng.xcdatamodel */ = {isa = PBXFileReference; lastKnownFileType = wrapper.xcdatamodel; path = notyng.xcdatamodel; sourceTree = "<group>"; };
		714D177329C6351200175FD2 /* Assets.xcassets */ = {isa = PBXFileReference; lastKnownFileType = folder.assetcatalog; path = Assets.xcassets; sourceTree = "<group>"; };
		714D177629C6351200175FD2 /* Base */ = {isa = PBXFileReference; lastKnownFileType = file.storyboard; name = Base; path = Base.lproj/LaunchScreen.storyboard; sourceTree = "<group>"; };
		714D177829C6351200175FD2 /* Info.plist */ = {isa = PBXFileReference; lastKnownFileType = text.plist.xml; path = Info.plist; sourceTree = "<group>"; };
		714D178029C63B2F00175FD2 /* Color.swift */ = {isa = PBXFileReference; lastKnownFileType = sourcecode.swift; path = Color.swift; sourceTree = "<group>"; };
		714D178229C7E2E100175FD2 /* ProductConstant.swift */ = {isa = PBXFileReference; lastKnownFileType = sourcecode.swift; path = ProductConstant.swift; sourceTree = "<group>"; };
		714D17CD29C8038700175FD2 /* DataManager.swift */ = {isa = PBXFileReference; lastKnownFileType = sourcecode.swift; path = DataManager.swift; sourceTree = "<group>"; };
		7182775629CB533B0096E7AC /* Nexa-Heavy.ttf */ = {isa = PBXFileReference; lastKnownFileType = file; path = "Nexa-Heavy.ttf"; sourceTree = "<group>"; };
		7182775729CB533B0096E7AC /* Nexa-ExtraLight.ttf */ = {isa = PBXFileReference; lastKnownFileType = file; path = "Nexa-ExtraLight.ttf"; sourceTree = "<group>"; };
		7182775B29CB56F00096E7AC /* FloatingButton.swift */ = {isa = PBXFileReference; lastKnownFileType = sourcecode.swift; path = FloatingButton.swift; sourceTree = "<group>"; };
		71BEEC7029CE0BF5002ED7EF /* Product+CoreDataClass.swift */ = {isa = PBXFileReference; fileEncoding = 4; lastKnownFileType = sourcecode.swift; path = "Product+CoreDataClass.swift"; sourceTree = "<group>"; };
		71BEEC7129CE0BF5002ED7EF /* Order+CoreDataProperties.swift */ = {isa = PBXFileReference; fileEncoding = 4; lastKnownFileType = sourcecode.swift; path = "Order+CoreDataProperties.swift"; sourceTree = "<group>"; };
		71BEEC7229CE0BF5002ED7EF /* Product+CoreDataProperties.swift */ = {isa = PBXFileReference; fileEncoding = 4; lastKnownFileType = sourcecode.swift; path = "Product+CoreDataProperties.swift"; sourceTree = "<group>"; };
		71BEEC7329CE0BF5002ED7EF /* Order+CoreDataClass.swift */ = {isa = PBXFileReference; fileEncoding = 4; lastKnownFileType = sourcecode.swift; path = "Order+CoreDataClass.swift"; sourceTree = "<group>"; };
		71C1EA3D29CBEBA90003407B /* ProductItem.swift */ = {isa = PBXFileReference; lastKnownFileType = sourcecode.swift; path = ProductItem.swift; sourceTree = "<group>"; };
		71C1EA3F29CCAD670003407B /* Int16.swift */ = {isa = PBXFileReference; lastKnownFileType = sourcecode.swift; path = Int16.swift; sourceTree = "<group>"; };
		71CC84CB29C8FE310058D1EC /* lottie_order_animation.json */ = {isa = PBXFileReference; fileEncoding = 4; lastKnownFileType = text.json; path = lottie_order_animation.json; sourceTree = "<group>"; };
		71CC84D529C9043E0058D1EC /* Font.swift */ = {isa = PBXFileReference; lastKnownFileType = sourcecode.swift; path = Font.swift; sourceTree = "<group>"; };
		71CC84D729C906070058D1EC /* ValueConst.swift */ = {isa = PBXFileReference; lastKnownFileType = sourcecode.swift; path = ValueConst.swift; sourceTree = "<group>"; };
		71CC84DF29C92F6E0058D1EC /* DashboardViewController.swift */ = {isa = PBXFileReference; fileEncoding = 4; lastKnownFileType = sourcecode.swift; path = DashboardViewController.swift; sourceTree = "<group>"; };
		71CC84E429C9311B0058D1EC /* OrderTableViewCell.swift */ = {isa = PBXFileReference; lastKnownFileType = sourcecode.swift; path = OrderTableViewCell.swift; sourceTree = "<group>"; };
		71CC84E629C93DAC0058D1EC /* Date.swift */ = {isa = PBXFileReference; lastKnownFileType = sourcecode.swift; path = Date.swift; sourceTree = "<group>"; };
		71CC84E829C9BDDA0058D1EC /* Icon.swift */ = {isa = PBXFileReference; lastKnownFileType = sourcecode.swift; path = Icon.swift; sourceTree = "<group>"; };
		71CC84ED29C9C1230058D1EC /* DashboardProtocol.swift */ = {isa = PBXFileReference; lastKnownFileType = sourcecode.swift; path = DashboardProtocol.swift; sourceTree = "<group>"; };
		71CC84F029C9C1470058D1EC /* DashboardViewModel.swift */ = {isa = PBXFileReference; lastKnownFileType = sourcecode.swift; path = DashboardViewModel.swift; sourceTree = "<group>"; };
		71EEB8BE29CCF3900044CE44 /* OrderViewController.swift */ = {isa = PBXFileReference; lastKnownFileType = sourcecode.swift; path = OrderViewController.swift; sourceTree = "<group>"; };
		71EEB8C029CD0B760044CE44 /* HeroId.swift */ = {isa = PBXFileReference; lastKnownFileType = sourcecode.swift; path = HeroId.swift; sourceTree = "<group>"; };
		71EEB8C329CD10F50044CE44 /* ProductTableViewCell.swift */ = {isa = PBXFileReference; lastKnownFileType = sourcecode.swift; path = ProductTableViewCell.swift; sourceTree = "<group>"; };
		71EEB8C629CD653A0044CE44 /* OrderViewModel.swift */ = {isa = PBXFileReference; lastKnownFileType = sourcecode.swift; path = OrderViewModel.swift; sourceTree = "<group>"; };
		71EEB8C929CD65890044CE44 /* OrderProtocol.swift */ = {isa = PBXFileReference; lastKnownFileType = sourcecode.swift; path = OrderProtocol.swift; sourceTree = "<group>"; };
/* End PBXFileReference section */

/* Begin PBXFrameworksBuildPhase section */
		714D176129C6350F00175FD2 /* Frameworks */ = {
			isa = PBXFrameworksBuildPhase;
			buildActionMask = 2147483647;
			files = (
				71CC84C529C8FB930058D1EC /* IQKeyboardManagerSwift in Frameworks */,
				71EEB8BB29CCF2CF0044CE44 /* Hero in Frameworks */,
				71CC84C829C8FBCA0058D1EC /* Lottie in Frameworks */,
			);
			runOnlyForDeploymentPostprocessing = 0;
		};
/* End PBXFrameworksBuildPhase section */

/* Begin PBXGroup section */
		714D175B29C6350F00175FD2 = {
			isa = PBXGroup;
			children = (
				714D176629C6350F00175FD2 /* notyng */,
				714D176529C6350F00175FD2 /* Products */,
			);
			sourceTree = "<group>";
		};
		714D176529C6350F00175FD2 /* Products */ = {
			isa = PBXGroup;
			children = (
				714D176429C6350F00175FD2 /* notyng.app */,
			);
			name = Products;
			sourceTree = "<group>";
		};
		714D176629C6350F00175FD2 /* notyng */ = {
			isa = PBXGroup;
			children = (
				71CC84DE29C92F6E0058D1EC /* Feature */,
				714D179F29C7EC0500175FD2 /* Model */,
				714D177E29C63B0600175FD2 /* Util */,
				71CC84CA29C8FE230058D1EC /* Resources */,
				714D177529C6351200175FD2 /* LaunchScreen.storyboard */,
				714D177829C6351200175FD2 /* Info.plist */,
				714D177029C6350F00175FD2 /* notyng.xcdatamodeld */,
			);
			path = notyng;
			sourceTree = "<group>";
		};
		714D177E29C63B0600175FD2 /* Util */ = {
			isa = PBXGroup;
			children = (
				71CC84D929C90DB40058D1EC /* Extension */,
				714D17CC29C8035C00175FD2 /* DataManager */,
				714D177F29C63B0F00175FD2 /* Constants */,
			);
			path = Util;
			sourceTree = "<group>";
		};
		714D177F29C63B0F00175FD2 /* Constants */ = {
			isa = PBXGroup;
			children = (
				714D178029C63B2F00175FD2 /* Color.swift */,
				714D178229C7E2E100175FD2 /* ProductConstant.swift */,
				71CC84D529C9043E0058D1EC /* Font.swift */,
				71CC84D729C906070058D1EC /* ValueConst.swift */,
				71CC84E829C9BDDA0058D1EC /* Icon.swift */,
				71EEB8C029CD0B760044CE44 /* HeroId.swift */,
			);
			path = Constants;
			sourceTree = "<group>";
		};
		714D179F29C7EC0500175FD2 /* Model */ = {
			isa = PBXGroup;
			children = (
				71BEEC7329CE0BF5002ED7EF /* Order+CoreDataClass.swift */,
				71BEEC7129CE0BF5002ED7EF /* Order+CoreDataProperties.swift */,
				71BEEC7029CE0BF5002ED7EF /* Product+CoreDataClass.swift */,
				71BEEC7229CE0BF5002ED7EF /* Product+CoreDataProperties.swift */,
			);
			path = Model;
			sourceTree = "<group>";
		};
		714D17CC29C8035C00175FD2 /* DataManager */ = {
			isa = PBXGroup;
			children = (
				714D17CD29C8038700175FD2 /* DataManager.swift */,
			);
			path = DataManager;
			sourceTree = "<group>";
		};
		7182775A29CB56D40096E7AC /* Component */ = {
			isa = PBXGroup;
			children = (
				7182775B29CB56F00096E7AC /* FloatingButton.swift */,
				71C1EA3D29CBEBA90003407B /* ProductItem.swift */,
			);
			path = Component;
			sourceTree = "<group>";
		};
		71CC84CA29C8FE230058D1EC /* Resources */ = {
			isa = PBXGroup;
			children = (
				7182775A29CB56D40096E7AC /* Component */,
				714D176729C6350F00175FD2 /* AppDelegate.swift */,
				714D176929C6350F00175FD2 /* SceneDelegate.swift */,
				71CC84E129C92FC20058D1EC /* Font */,
				71CC84CB29C8FE310058D1EC /* lottie_order_animation.json */,
				714D177329C6351200175FD2 /* Assets.xcassets */,
			);
			path = Resources;
			sourceTree = "<group>";
		};
		71CC84D929C90DB40058D1EC /* Extension */ = {
			isa = PBXGroup;
			children = (
				71CC84E629C93DAC0058D1EC /* Date.swift */,
				71C1EA3F29CCAD670003407B /* Int16.swift */,
			);
			path = Extension;
			sourceTree = "<group>";
		};
		71CC84DE29C92F6E0058D1EC /* Feature */ = {
			isa = PBXGroup;
			children = (
				71EEB8BC29CCF35B0044CE44 /* Order */,
				71CC84EA29C9C0F00058D1EC /* Dashboard */,
			);
			path = Feature;
			sourceTree = "<group>";
		};
		71CC84E129C92FC20058D1EC /* Font */ = {
			isa = PBXGroup;
			children = (
				7182775729CB533B0096E7AC /* Nexa-ExtraLight.ttf */,
				7182775629CB533B0096E7AC /* Nexa-Heavy.ttf */,
			);
			path = Font;
			sourceTree = "<group>";
		};
		71CC84E229C92FD60058D1EC /* View */ = {
			isa = PBXGroup;
			children = (
				71CC84E329C92FDC0058D1EC /* Cell */,
				71CC84DF29C92F6E0058D1EC /* DashboardViewController.swift */,
			);
			path = View;
			sourceTree = "<group>";
		};
		71CC84E329C92FDC0058D1EC /* Cell */ = {
			isa = PBXGroup;
			children = (
				71CC84E429C9311B0058D1EC /* OrderTableViewCell.swift */,
			);
			path = Cell;
			sourceTree = "<group>";
		};
		71CC84EA29C9C0F00058D1EC /* Dashboard */ = {
			isa = PBXGroup;
			children = (
				71CC84EF29C9C12D0058D1EC /* ViewModel */,
				71CC84EB29C9C1030058D1EC /* Protocol */,
				71CC84E229C92FD60058D1EC /* View */,
			);
			path = Dashboard;
			sourceTree = "<group>";
		};
		71CC84EB29C9C1030058D1EC /* Protocol */ = {
			isa = PBXGroup;
			children = (
				71CC84ED29C9C1230058D1EC /* DashboardProtocol.swift */,
			);
			path = Protocol;
			sourceTree = "<group>";
		};
		71CC84EF29C9C12D0058D1EC /* ViewModel */ = {
			isa = PBXGroup;
			children = (
				71CC84F029C9C1470058D1EC /* DashboardViewModel.swift */,
			);
			path = ViewModel;
			sourceTree = "<group>";
		};
		71EEB8BC29CCF35B0044CE44 /* Order */ = {
			isa = PBXGroup;
			children = (
				71EEB8C829CD657C0044CE44 /* Protocol */,
				71EEB8C529CD651E0044CE44 /* ViewModel */,
				71EEB8BD29CCF3700044CE44 /* View */,
			);
			path = Order;
			sourceTree = "<group>";
		};
		71EEB8BD29CCF3700044CE44 /* View */ = {
			isa = PBXGroup;
			children = (
				71EEB8C229CD10D30044CE44 /* Cell */,
				71EEB8BE29CCF3900044CE44 /* OrderViewController.swift */,
			);
			path = View;
			sourceTree = "<group>";
		};
		71EEB8C229CD10D30044CE44 /* Cell */ = {
			isa = PBXGroup;
			children = (
				71EEB8C329CD10F50044CE44 /* ProductTableViewCell.swift */,
			);
			path = Cell;
			sourceTree = "<group>";
		};
		71EEB8C529CD651E0044CE44 /* ViewModel */ = {
			isa = PBXGroup;
			children = (
				71EEB8C629CD653A0044CE44 /* OrderViewModel.swift */,
			);
			path = ViewModel;
			sourceTree = "<group>";
		};
		71EEB8C829CD657C0044CE44 /* Protocol */ = {
			isa = PBXGroup;
			children = (
				71EEB8C929CD65890044CE44 /* OrderProtocol.swift */,
			);
			path = Protocol;
			sourceTree = "<group>";
		};
/* End PBXGroup section */

/* Begin PBXNativeTarget section */
		714D176329C6350F00175FD2 /* notyng */ = {
			isa = PBXNativeTarget;
			buildConfigurationList = 714D177B29C6351200175FD2 /* Build configuration list for PBXNativeTarget "notyng" */;
			buildPhases = (
				714D176029C6350F00175FD2 /* Sources */,
				714D176129C6350F00175FD2 /* Frameworks */,
				714D176229C6350F00175FD2 /* Resources */,
			);
			buildRules = (
			);
			dependencies = (
			);
			name = notyng;
			packageProductDependencies = (
				71CC84C429C8FB930058D1EC /* IQKeyboardManagerSwift */,
				71CC84C729C8FBCA0058D1EC /* Lottie */,
				71EEB8BA29CCF2CF0044CE44 /* Hero */,
			);
			productName = notyng;
			productReference = 714D176429C6350F00175FD2 /* notyng.app */;
			productType = "com.apple.product-type.application";
		};
/* End PBXNativeTarget section */

/* Begin PBXProject section */
		714D175C29C6350F00175FD2 /* Project object */ = {
			isa = PBXProject;
			attributes = {
				BuildIndependentTargetsInParallel = 1;
				LastSwiftUpdateCheck = 1420;
				LastUpgradeCheck = 1420;
				TargetAttributes = {
					714D176329C6350F00175FD2 = {
						CreatedOnToolsVersion = 14.2;
					};
				};
			};
			buildConfigurationList = 714D175F29C6350F00175FD2 /* Build configuration list for PBXProject "notyng" */;
			compatibilityVersion = "Xcode 14.0";
			developmentRegion = en;
			hasScannedForEncodings = 0;
			knownRegions = (
				en,
				Base,
			);
			mainGroup = 714D175B29C6350F00175FD2;
			packageReferences = (
				71CC84C329C8FB930058D1EC /* XCRemoteSwiftPackageReference "IQKeyboardManager" */,
				71CC84C629C8FBCA0058D1EC /* XCRemoteSwiftPackageReference "lottie-spm" */,
				71EEB8B929CCF2CF0044CE44 /* XCRemoteSwiftPackageReference "Hero" */,
			);
			productRefGroup = 714D176529C6350F00175FD2 /* Products */;
			projectDirPath = "";
			projectRoot = "";
			targets = (
				714D176329C6350F00175FD2 /* notyng */,
			);
		};
/* End PBXProject section */

/* Begin PBXResourcesBuildPhase section */
		714D176229C6350F00175FD2 /* Resources */ = {
			isa = PBXResourcesBuildPhase;
			buildActionMask = 2147483647;
			files = (
				7182775829CB533C0096E7AC /* Nexa-Heavy.ttf in Resources */,
				714D177729C6351200175FD2 /* LaunchScreen.storyboard in Resources */,
				7182775929CB533C0096E7AC /* Nexa-ExtraLight.ttf in Resources */,
				71CC84CC29C8FE310058D1EC /* lottie_order_animation.json in Resources */,
				714D177429C6351200175FD2 /* Assets.xcassets in Resources */,
			);
			runOnlyForDeploymentPostprocessing = 0;
		};
/* End PBXResourcesBuildPhase section */

/* Begin PBXSourcesBuildPhase section */
		714D176029C6350F00175FD2 /* Sources */ = {
			isa = PBXSourcesBuildPhase;
			buildActionMask = 2147483647;
			files = (
				71BEEC7529CE0BF5002ED7EF /* Order+CoreDataProperties.swift in Sources */,
				71CC84E929C9BDDA0058D1EC /* Icon.swift in Sources */,
				714D176829C6350F00175FD2 /* AppDelegate.swift in Sources */,
				71CC84F129C9C1470058D1EC /* DashboardViewModel.swift in Sources */,
				71CC84E729C93DAC0058D1EC /* Date.swift in Sources */,
				71C1EA4029CCAD670003407B /* Int16.swift in Sources */,
				7182775C29CB56F00096E7AC /* FloatingButton.swift in Sources */,
				71EEB8BF29CCF3900044CE44 /* OrderViewController.swift in Sources */,
				714D177229C6350F00175FD2 /* notyng.xcdatamodeld in Sources */,
				71EEB8C729CD653A0044CE44 /* OrderViewModel.swift in Sources */,
				71C1EA3E29CBEBA90003407B /* ProductItem.swift in Sources */,
				71CC84E529C9311B0058D1EC /* OrderTableViewCell.swift in Sources */,
				71EEB8C129CD0B760044CE44 /* HeroId.swift in Sources */,
				71EEB8CA29CD65890044CE44 /* OrderProtocol.swift in Sources */,
				714D178129C63B2F00175FD2 /* Color.swift in Sources */,
				71BEEC7629CE0BF5002ED7EF /* Product+CoreDataProperties.swift in Sources */,
				71CC84D629C9043E0058D1EC /* Font.swift in Sources */,
				71EEB8C429CD10F50044CE44 /* ProductTableViewCell.swift in Sources */,
				714D17CE29C8038700175FD2 /* DataManager.swift in Sources */,
				714D176A29C6350F00175FD2 /* SceneDelegate.swift in Sources */,
				71BEEC7729CE0BF5002ED7EF /* Order+CoreDataClass.swift in Sources */,
				71CC84EE29C9C1230058D1EC /* DashboardProtocol.swift in Sources */,
				71BEEC7429CE0BF5002ED7EF /* Product+CoreDataClass.swift in Sources */,
				71CC84D829C906070058D1EC /* ValueConst.swift in Sources */,
				714D178329C7E2E100175FD2 /* ProductConstant.swift in Sources */,
				71CC84E029C92F6E0058D1EC /* DashboardViewController.swift in Sources */,
			);
			runOnlyForDeploymentPostprocessing = 0;
		};
/* End PBXSourcesBuildPhase section */

/* Begin PBXVariantGroup section */
		714D177529C6351200175FD2 /* LaunchScreen.storyboard */ = {
			isa = PBXVariantGroup;
			children = (
				714D177629C6351200175FD2 /* Base */,
			);
			name = LaunchScreen.storyboard;
			sourceTree = "<group>";
		};
/* End PBXVariantGroup section */

/* Begin XCBuildConfiguration section */
		714D177929C6351200175FD2 /* Debug */ = {
			isa = XCBuildConfiguration;
			buildSettings = {
				ALWAYS_SEARCH_USER_PATHS = NO;
				CLANG_ANALYZER_NONNULL = YES;
				CLANG_ANALYZER_NUMBER_OBJECT_CONVERSION = YES_AGGRESSIVE;
				CLANG_CXX_LANGUAGE_STANDARD = "gnu++20";
				CLANG_ENABLE_MODULES = YES;
				CLANG_ENABLE_OBJC_ARC = YES;
				CLANG_ENABLE_OBJC_WEAK = YES;
				CLANG_WARN_BLOCK_CAPTURE_AUTORELEASING = YES;
				CLANG_WARN_BOOL_CONVERSION = YES;
				CLANG_WARN_COMMA = YES;
				CLANG_WARN_CONSTANT_CONVERSION = YES;
				CLANG_WARN_DEPRECATED_OBJC_IMPLEMENTATIONS = YES;
				CLANG_WARN_DIRECT_OBJC_ISA_USAGE = YES_ERROR;
				CLANG_WARN_DOCUMENTATION_COMMENTS = YES;
				CLANG_WARN_EMPTY_BODY = YES;
				CLANG_WARN_ENUM_CONVERSION = YES;
				CLANG_WARN_INFINITE_RECURSION = YES;
				CLANG_WARN_INT_CONVERSION = YES;
				CLANG_WARN_NON_LITERAL_NULL_CONVERSION = YES;
				CLANG_WARN_OBJC_IMPLICIT_RETAIN_SELF = YES;
				CLANG_WARN_OBJC_LITERAL_CONVERSION = YES;
				CLANG_WARN_OBJC_ROOT_CLASS = YES_ERROR;
				CLANG_WARN_QUOTED_INCLUDE_IN_FRAMEWORK_HEADER = YES;
				CLANG_WARN_RANGE_LOOP_ANALYSIS = YES;
				CLANG_WARN_STRICT_PROTOTYPES = YES;
				CLANG_WARN_SUSPICIOUS_MOVE = YES;
				CLANG_WARN_UNGUARDED_AVAILABILITY = YES_AGGRESSIVE;
				CLANG_WARN_UNREACHABLE_CODE = YES;
				CLANG_WARN__DUPLICATE_METHOD_MATCH = YES;
				COPY_PHASE_STRIP = NO;
				DEBUG_INFORMATION_FORMAT = dwarf;
				ENABLE_STRICT_OBJC_MSGSEND = YES;
				ENABLE_TESTABILITY = YES;
				GCC_C_LANGUAGE_STANDARD = gnu11;
				GCC_DYNAMIC_NO_PIC = NO;
				GCC_NO_COMMON_BLOCKS = YES;
				GCC_OPTIMIZATION_LEVEL = 0;
				GCC_PREPROCESSOR_DEFINITIONS = (
					"DEBUG=1",
					"$(inherited)",
				);
				GCC_WARN_64_TO_32_BIT_CONVERSION = YES;
				GCC_WARN_ABOUT_RETURN_TYPE = YES_ERROR;
				GCC_WARN_UNDECLARED_SELECTOR = YES;
				GCC_WARN_UNINITIALIZED_AUTOS = YES_AGGRESSIVE;
				GCC_WARN_UNUSED_FUNCTION = YES;
				GCC_WARN_UNUSED_VARIABLE = YES;
				IPHONEOS_DEPLOYMENT_TARGET = 16.2;
				MTL_ENABLE_DEBUG_INFO = INCLUDE_SOURCE;
				MTL_FAST_MATH = YES;
				ONLY_ACTIVE_ARCH = YES;
				SDKROOT = iphoneos;
				SWIFT_ACTIVE_COMPILATION_CONDITIONS = DEBUG;
				SWIFT_OPTIMIZATION_LEVEL = "-Onone";
			};
			name = Debug;
		};
		714D177A29C6351200175FD2 /* Release */ = {
			isa = XCBuildConfiguration;
			buildSettings = {
				ALWAYS_SEARCH_USER_PATHS = NO;
				CLANG_ANALYZER_NONNULL = YES;
				CLANG_ANALYZER_NUMBER_OBJECT_CONVERSION = YES_AGGRESSIVE;
				CLANG_CXX_LANGUAGE_STANDARD = "gnu++20";
				CLANG_ENABLE_MODULES = YES;
				CLANG_ENABLE_OBJC_ARC = YES;
				CLANG_ENABLE_OBJC_WEAK = YES;
				CLANG_WARN_BLOCK_CAPTURE_AUTORELEASING = YES;
				CLANG_WARN_BOOL_CONVERSION = YES;
				CLANG_WARN_COMMA = YES;
				CLANG_WARN_CONSTANT_CONVERSION = YES;
				CLANG_WARN_DEPRECATED_OBJC_IMPLEMENTATIONS = YES;
				CLANG_WARN_DIRECT_OBJC_ISA_USAGE = YES_ERROR;
				CLANG_WARN_DOCUMENTATION_COMMENTS = YES;
				CLANG_WARN_EMPTY_BODY = YES;
				CLANG_WARN_ENUM_CONVERSION = YES;
				CLANG_WARN_INFINITE_RECURSION = YES;
				CLANG_WARN_INT_CONVERSION = YES;
				CLANG_WARN_NON_LITERAL_NULL_CONVERSION = YES;
				CLANG_WARN_OBJC_IMPLICIT_RETAIN_SELF = YES;
				CLANG_WARN_OBJC_LITERAL_CONVERSION = YES;
				CLANG_WARN_OBJC_ROOT_CLASS = YES_ERROR;
				CLANG_WARN_QUOTED_INCLUDE_IN_FRAMEWORK_HEADER = YES;
				CLANG_WARN_RANGE_LOOP_ANALYSIS = YES;
				CLANG_WARN_STRICT_PROTOTYPES = YES;
				CLANG_WARN_SUSPICIOUS_MOVE = YES;
				CLANG_WARN_UNGUARDED_AVAILABILITY = YES_AGGRESSIVE;
				CLANG_WARN_UNREACHABLE_CODE = YES;
				CLANG_WARN__DUPLICATE_METHOD_MATCH = YES;
				COPY_PHASE_STRIP = NO;
				DEBUG_INFORMATION_FORMAT = "dwarf-with-dsym";
				ENABLE_NS_ASSERTIONS = NO;
				ENABLE_STRICT_OBJC_MSGSEND = YES;
				GCC_C_LANGUAGE_STANDARD = gnu11;
				GCC_NO_COMMON_BLOCKS = YES;
				GCC_WARN_64_TO_32_BIT_CONVERSION = YES;
				GCC_WARN_ABOUT_RETURN_TYPE = YES_ERROR;
				GCC_WARN_UNDECLARED_SELECTOR = YES;
				GCC_WARN_UNINITIALIZED_AUTOS = YES_AGGRESSIVE;
				GCC_WARN_UNUSED_FUNCTION = YES;
				GCC_WARN_UNUSED_VARIABLE = YES;
				IPHONEOS_DEPLOYMENT_TARGET = 16.2;
				MTL_ENABLE_DEBUG_INFO = NO;
				MTL_FAST_MATH = YES;
				SDKROOT = iphoneos;
				SWIFT_COMPILATION_MODE = wholemodule;
				SWIFT_OPTIMIZATION_LEVEL = "-O";
				VALIDATE_PRODUCT = YES;
			};
			name = Release;
		};
		714D177C29C6351200175FD2 /* Debug */ = {
			isa = XCBuildConfiguration;
			buildSettings = {
				ASSETCATALOG_COMPILER_APPICON_NAME = AppIcon;
				ASSETCATALOG_COMPILER_GLOBAL_ACCENT_COLOR_NAME = AccentColor;
				CODE_SIGN_STYLE = Automatic;
				CURRENT_PROJECT_VERSION = 1;
				DEVELOPMENT_TEAM = B3ZD68Q447;
				GENERATE_INFOPLIST_FILE = YES;
				INFOPLIST_FILE = notyng/Info.plist;
				INFOPLIST_KEY_UIApplicationSupportsIndirectInputEvents = YES;
				INFOPLIST_KEY_UILaunchStoryboardName = LaunchScreen;
				INFOPLIST_KEY_UISupportedInterfaceOrientations = UIInterfaceOrientationPortrait;
				INFOPLIST_KEY_UISupportedInterfaceOrientations_iPad = "UIInterfaceOrientationLandscapeLeft UIInterfaceOrientationLandscapeRight UIInterfaceOrientationPortrait UIInterfaceOrientationPortraitUpsideDown";
				IPHONEOS_DEPLOYMENT_TARGET = 13.0;
				LD_RUNPATH_SEARCH_PATHS = (
					"$(inherited)",
					"@executable_path/Frameworks",
				);
				MARKETING_VERSION = 1.0;
				PRODUCT_BUNDLE_IDENTIFIER = com.cubit.notyng;
				PRODUCT_NAME = "$(TARGET_NAME)";
				SWIFT_EMIT_LOC_STRINGS = YES;
				SWIFT_VERSION = 5.0;
				TARGETED_DEVICE_FAMILY = "1,2";
			};
			name = Debug;
		};
		714D177D29C6351200175FD2 /* Release */ = {
			isa = XCBuildConfiguration;
			buildSettings = {
				ASSETCATALOG_COMPILER_APPICON_NAME = AppIcon;
				ASSETCATALOG_COMPILER_GLOBAL_ACCENT_COLOR_NAME = AccentColor;
				CODE_SIGN_STYLE = Automatic;
				CURRENT_PROJECT_VERSION = 1;
				DEVELOPMENT_TEAM = B3ZD68Q447;
				GENERATE_INFOPLIST_FILE = YES;
				INFOPLIST_FILE = notyng/Info.plist;
				INFOPLIST_KEY_UIApplicationSupportsIndirectInputEvents = YES;
				INFOPLIST_KEY_UILaunchStoryboardName = LaunchScreen;
				INFOPLIST_KEY_UISupportedInterfaceOrientations = UIInterfaceOrientationPortrait;
				INFOPLIST_KEY_UISupportedInterfaceOrientations_iPad = "UIInterfaceOrientationLandscapeLeft UIInterfaceOrientationLandscapeRight UIInterfaceOrientationPortrait UIInterfaceOrientationPortraitUpsideDown";
				IPHONEOS_DEPLOYMENT_TARGET = 13.0;
				LD_RUNPATH_SEARCH_PATHS = (
					"$(inherited)",
					"@executable_path/Frameworks",
				);
				MARKETING_VERSION = 1.0;
				PRODUCT_BUNDLE_IDENTIFIER = com.cubit.notyng;
				PRODUCT_NAME = "$(TARGET_NAME)";
				SWIFT_EMIT_LOC_STRINGS = YES;
				SWIFT_VERSION = 5.0;
				TARGETED_DEVICE_FAMILY = "1,2";
			};
			name = Release;
		};
/* End XCBuildConfiguration section */

/* Begin XCConfigurationList section */
		714D175F29C6350F00175FD2 /* Build configuration list for PBXProject "notyng" */ = {
			isa = XCConfigurationList;
			buildConfigurations = (
				714D177929C6351200175FD2 /* Debug */,
				714D177A29C6351200175FD2 /* Release */,
			);
			defaultConfigurationIsVisible = 0;
			defaultConfigurationName = Release;
		};
		714D177B29C6351200175FD2 /* Build configuration list for PBXNativeTarget "notyng" */ = {
			isa = XCConfigurationList;
			buildConfigurations = (
				714D177C29C6351200175FD2 /* Debug */,
				714D177D29C6351200175FD2 /* Release */,
			);
			defaultConfigurationIsVisible = 0;
			defaultConfigurationName = Release;
		};
/* End XCConfigurationList section */

/* Begin XCRemoteSwiftPackageReference section */
		71CC84C329C8FB930058D1EC /* XCRemoteSwiftPackageReference "IQKeyboardManager" */ = {
			isa = XCRemoteSwiftPackageReference;
			repositoryURL = "https://github.com/hackiftekhar/IQKeyboardManager";
			requirement = {
				branch = master;
				kind = branch;
			};
		};
		71CC84C629C8FBCA0058D1EC /* XCRemoteSwiftPackageReference "lottie-spm" */ = {
			isa = XCRemoteSwiftPackageReference;
			repositoryURL = "https://github.com/airbnb/lottie-spm.git";
			requirement = {
				kind = upToNextMajorVersion;
				minimumVersion = 4.0.0;
			};
		};
		71EEB8B929CCF2CF0044CE44 /* XCRemoteSwiftPackageReference "Hero" */ = {
			isa = XCRemoteSwiftPackageReference;
			repositoryURL = "https://github.com/HeroTransitions/Hero.git";
			requirement = {
				kind = upToNextMajorVersion;
				minimumVersion = 1.0.0;
			};
		};
/* End XCRemoteSwiftPackageReference section */

/* Begin XCSwiftPackageProductDependency section */
		71CC84C429C8FB930058D1EC /* IQKeyboardManagerSwift */ = {
			isa = XCSwiftPackageProductDependency;
			package = 71CC84C329C8FB930058D1EC /* XCRemoteSwiftPackageReference "IQKeyboardManager" */;
			productName = IQKeyboardManagerSwift;
		};
		71CC84C729C8FBCA0058D1EC /* Lottie */ = {
			isa = XCSwiftPackageProductDependency;
			package = 71CC84C629C8FBCA0058D1EC /* XCRemoteSwiftPackageReference "lottie-spm" */;
			productName = Lottie;
		};
		71EEB8BA29CCF2CF0044CE44 /* Hero */ = {
			isa = XCSwiftPackageProductDependency;
			package = 71EEB8B929CCF2CF0044CE44 /* XCRemoteSwiftPackageReference "Hero" */;
			productName = Hero;
		};
/* End XCSwiftPackageProductDependency section */

/* Begin XCVersionGroup section */
		714D177029C6350F00175FD2 /* notyng.xcdatamodeld */ = {
			isa = XCVersionGroup;
			children = (
				714D177129C6350F00175FD2 /* notyng.xcdatamodel */,
			);
			currentVersion = 714D177129C6350F00175FD2 /* notyng.xcdatamodel */;
			path = notyng.xcdatamodeld;
			sourceTree = "<group>";
			versionGroupType = wrapper.xcdatamodel;
		};
/* End XCVersionGroup section */
	};
	rootObject = 714D175C29C6350F00175FD2 /* Project object */;
}
