// !$*UTF8*$!
{
	archiveVersion = 1;
	classes = {
	};
	objectVersion = 56;
	objects = {

/* Begin PBXBuildFile section */
		710116652A7D8C8500129614 /* DGCharts in Frameworks */ = {isa = PBXBuildFile; productRef = 710116642A7D8C8500129614 /* DGCharts */; };
		710116682A8072A600129614 /* PaymentAnalysisViewModel.swift in Sources */ = {isa = PBXBuildFile; fileRef = 710116672A8072A600129614 /* PaymentAnalysisViewModel.swift */; };
		7101166B2A80739100129614 /* PaymentAnalysisProtocol.swift in Sources */ = {isa = PBXBuildFile; fileRef = 7101166A2A80739100129614 /* PaymentAnalysisProtocol.swift */; };
		71097A5529E44529005B6A9E /* MethodTextField.swift in Sources */ = {isa = PBXBuildFile; fileRef = 71097A5429E44529005B6A9E /* MethodTextField.swift */; };
		71097A5829E44B3F005B6A9E /* PaymentOrderViewModel.swift in Sources */ = {isa = PBXBuildFile; fileRef = 71097A5729E44B3F005B6A9E /* PaymentOrderViewModel.swift */; };
		71097A5A29E44C11005B6A9E /* PaymentMethod.swift in Sources */ = {isa = PBXBuildFile; fileRef = 71097A5929E44C11005B6A9E /* PaymentMethod.swift */; };
		71097A5D29E44F81005B6A9E /* PaymentOrderProtocol.swift in Sources */ = {isa = PBXBuildFile; fileRef = 71097A5C29E44F81005B6A9E /* PaymentOrderProtocol.swift */; };
		713572CB29D774E3001C3C9C /* PaymentOrderViewController.swift in Sources */ = {isa = PBXBuildFile; fileRef = 713572CA29D774E3001C3C9C /* PaymentOrderViewController.swift */; };
		714D176829C6350F00175FD2 /* AppDelegate.swift in Sources */ = {isa = PBXBuildFile; fileRef = 714D176729C6350F00175FD2 /* AppDelegate.swift */; };
		714D177429C6351200175FD2 /* Assets.xcassets in Resources */ = {isa = PBXBuildFile; fileRef = 714D177329C6351200175FD2 /* Assets.xcassets */; };
		714D177729C6351200175FD2 /* LaunchScreen.storyboard in Resources */ = {isa = PBXBuildFile; fileRef = 714D177529C6351200175FD2 /* LaunchScreen.storyboard */; };
		714D178129C63B2F00175FD2 /* Color.swift in Sources */ = {isa = PBXBuildFile; fileRef = 714D178029C63B2F00175FD2 /* Color.swift */; };
		714D178329C7E2E100175FD2 /* ProductConstant.swift in Sources */ = {isa = PBXBuildFile; fileRef = 714D178229C7E2E100175FD2 /* ProductConstant.swift */; };
		714D17CE29C8038700175FD2 /* DataManager.swift in Sources */ = {isa = PBXBuildFile; fileRef = 714D17CD29C8038700175FD2 /* DataManager.swift */; };
		71619BC929D354B1002AFB3E /* ListProductViewModel.swift in Sources */ = {isa = PBXBuildFile; fileRef = 71619BC829D354B1002AFB3E /* ListProductViewModel.swift */; };
		71619BCC29D4664D002AFB3E /* FirebaseAnalytics in Frameworks */ = {isa = PBXBuildFile; productRef = 71619BCB29D4664D002AFB3E /* FirebaseAnalytics */; };
		71619BCE29D4664D002AFB3E /* FirebaseCrashlytics in Frameworks */ = {isa = PBXBuildFile; productRef = 71619BCD29D4664D002AFB3E /* FirebaseCrashlytics */; };
		71619BD029D4664D002AFB3E /* FirebaseFirestore in Frameworks */ = {isa = PBXBuildFile; productRef = 71619BCF29D4664D002AFB3E /* FirebaseFirestore */; };
		71619BD229D46B13002AFB3E /* GoogleService-Info.plist in Resources */ = {isa = PBXBuildFile; fileRef = 71619BD129D46B13002AFB3E /* GoogleService-Info.plist */; };
		71619BD529D476C8002AFB3E /* Firebase.swift in Sources */ = {isa = PBXBuildFile; fileRef = 71619BD429D476C8002AFB3E /* Firebase.swift */; };
		7182775829CB533C0096E7AC /* Nexa-Heavy.ttf in Resources */ = {isa = PBXBuildFile; fileRef = 7182775629CB533B0096E7AC /* Nexa-Heavy.ttf */; };
		7182775929CB533C0096E7AC /* Nexa-ExtraLight.ttf in Resources */ = {isa = PBXBuildFile; fileRef = 7182775729CB533B0096E7AC /* Nexa-ExtraLight.ttf */; };
		7182775C29CB56F00096E7AC /* FloatingButton.swift in Sources */ = {isa = PBXBuildFile; fileRef = 7182775B29CB56F00096E7AC /* FloatingButton.swift */; };
		71B248312A014A4B00EAB578 /* PaymentAnalysisViewController.swift in Sources */ = {isa = PBXBuildFile; fileRef = 71B248302A014A4B00EAB578 /* PaymentAnalysisViewController.swift */; };
		71BEEC7429CE0BF5002ED7EF /* Product.swift in Sources */ = {isa = PBXBuildFile; fileRef = 71BEEC7029CE0BF5002ED7EF /* Product.swift */; };
		71BEEC7729CE0BF5002ED7EF /* Order.swift in Sources */ = {isa = PBXBuildFile; fileRef = 71BEEC7329CE0BF5002ED7EF /* Order.swift */; };
		71BEEC7929CE1F64002ED7EF /* AddProductFooterView.swift in Sources */ = {isa = PBXBuildFile; fileRef = 71BEEC7829CE1F64002ED7EF /* AddProductFooterView.swift */; };
		71BEEC7D29CE29F9002ED7EF /* ListProductViewController.swift in Sources */ = {isa = PBXBuildFile; fileRef = 71BEEC7C29CE29F9002ED7EF /* ListProductViewController.swift */; };
		71BEEC8029CE2DC2002ED7EF /* ListProductProtocol.swift in Sources */ = {isa = PBXBuildFile; fileRef = 71BEEC7F29CE2DC2002ED7EF /* ListProductProtocol.swift */; };
		71BEEC8329CE3B2D002ED7EF /* ListProductTableViewCell.swift in Sources */ = {isa = PBXBuildFile; fileRef = 71BEEC8229CE3B2D002ED7EF /* ListProductTableViewCell.swift */; };
		71C1EA3E29CBEBA90003407B /* ProductItem.swift in Sources */ = {isa = PBXBuildFile; fileRef = 71C1EA3D29CBEBA90003407B /* ProductItem.swift */; };
		71C1EA4029CCAD670003407B /* Int.swift in Sources */ = {isa = PBXBuildFile; fileRef = 71C1EA3F29CCAD670003407B /* Int.swift */; };
		71CC84C529C8FB930058D1EC /* IQKeyboardManagerSwift in Frameworks */ = {isa = PBXBuildFile; productRef = 71CC84C429C8FB930058D1EC /* IQKeyboardManagerSwift */; };
		71CC84C829C8FBCA0058D1EC /* Lottie in Frameworks */ = {isa = PBXBuildFile; productRef = 71CC84C729C8FBCA0058D1EC /* Lottie */; };
		71CC84CC29C8FE310058D1EC /* lottie_order_animation.json in Resources */ = {isa = PBXBuildFile; fileRef = 71CC84CB29C8FE310058D1EC /* lottie_order_animation.json */; };
		71CC84D629C9043E0058D1EC /* Font.swift in Sources */ = {isa = PBXBuildFile; fileRef = 71CC84D529C9043E0058D1EC /* Font.swift */; };
		71CC84D829C906070058D1EC /* ValueConst.swift in Sources */ = {isa = PBXBuildFile; fileRef = 71CC84D729C906070058D1EC /* ValueConst.swift */; };
		71CC84E029C92F6E0058D1EC /* DashboardViewController.swift in Sources */ = {isa = PBXBuildFile; fileRef = 71CC84DF29C92F6E0058D1EC /* DashboardViewController.swift */; };
		71CC84E529C9311B0058D1EC /* OrderTableViewCell.swift in Sources */ = {isa = PBXBuildFile; fileRef = 71CC84E429C9311B0058D1EC /* OrderTableViewCell.swift */; };
		71CC84E729C93DAC0058D1EC /* Date.swift in Sources */ = {isa = PBXBuildFile; fileRef = 71CC84E629C93DAC0058D1EC /* Date.swift */; };
		71CC84E929C9BDDA0058D1EC /* Icon.swift in Sources */ = {isa = PBXBuildFile; fileRef = 71CC84E829C9BDDA0058D1EC /* Icon.swift */; };
		71CC84EE29C9C1230058D1EC /* DashboardProtocol.swift in Sources */ = {isa = PBXBuildFile; fileRef = 71CC84ED29C9C1230058D1EC /* DashboardProtocol.swift */; };
		71CC84F129C9C1470058D1EC /* DashboardViewModel.swift in Sources */ = {isa = PBXBuildFile; fileRef = 71CC84F029C9C1470058D1EC /* DashboardViewModel.swift */; };
		71DBF5532A3CED4400C8AE78 /* CopilotTest.swift in Sources */ = {isa = PBXBuildFile; fileRef = 71DBF5522A3CED4400C8AE78 /* CopilotTest.swift */; };
		71E4432929D4C568009A438E /* String.swift in Sources */ = {isa = PBXBuildFile; fileRef = 71E4432829D4C568009A438E /* String.swift */; };
		71E4432B29D50885009A438E /* Encodable.swift in Sources */ = {isa = PBXBuildFile; fileRef = 71E4432A29D50885009A438E /* Encodable.swift */; };
		71EEB8BB29CCF2CF0044CE44 /* Hero in Frameworks */ = {isa = PBXBuildFile; productRef = 71EEB8BA29CCF2CF0044CE44 /* Hero */; };
		71EEB8BF29CCF3900044CE44 /* OrderViewController.swift in Sources */ = {isa = PBXBuildFile; fileRef = 71EEB8BE29CCF3900044CE44 /* OrderViewController.swift */; };
		71EEB8C129CD0B760044CE44 /* HeroId.swift in Sources */ = {isa = PBXBuildFile; fileRef = 71EEB8C029CD0B760044CE44 /* HeroId.swift */; };
		71EEB8C429CD10F50044CE44 /* ProductTableViewCell.swift in Sources */ = {isa = PBXBuildFile; fileRef = 71EEB8C329CD10F50044CE44 /* ProductTableViewCell.swift */; };
		71EEB8C729CD653A0044CE44 /* OrderViewModel.swift in Sources */ = {isa = PBXBuildFile; fileRef = 71EEB8C629CD653A0044CE44 /* OrderViewModel.swift */; };
		71EEB8CA29CD65890044CE44 /* OrderProtocol.swift in Sources */ = {isa = PBXBuildFile; fileRef = 71EEB8C929CD65890044CE44 /* OrderProtocol.swift */; };
		71F4FCA129F86DCD00BDD195 /* ViewController.swift in Sources */ = {isa = PBXBuildFile; fileRef = 71F4FCA029F86DCC00BDD195 /* ViewController.swift */; };
		71F4FCA329F86E7F00BDD195 /* LoaderView.swift in Sources */ = {isa = PBXBuildFile; fileRef = 71F4FCA229F86E7F00BDD195 /* LoaderView.swift */; };
/* End PBXBuildFile section */

/* Begin PBXFileReference section */
		710116672A8072A600129614 /* PaymentAnalysisViewModel.swift */ = {isa = PBXFileReference; lastKnownFileType = sourcecode.swift; path = PaymentAnalysisViewModel.swift; sourceTree = "<group>"; };
		7101166A2A80739100129614 /* PaymentAnalysisProtocol.swift */ = {isa = PBXFileReference; lastKnownFileType = sourcecode.swift; path = PaymentAnalysisProtocol.swift; sourceTree = "<group>"; };
		71097A5429E44529005B6A9E /* MethodTextField.swift */ = {isa = PBXFileReference; lastKnownFileType = sourcecode.swift; path = MethodTextField.swift; sourceTree = "<group>"; };
		71097A5729E44B3F005B6A9E /* PaymentOrderViewModel.swift */ = {isa = PBXFileReference; lastKnownFileType = sourcecode.swift; path = PaymentOrderViewModel.swift; sourceTree = "<group>"; };
		71097A5929E44C11005B6A9E /* PaymentMethod.swift */ = {isa = PBXFileReference; lastKnownFileType = sourcecode.swift; path = PaymentMethod.swift; sourceTree = "<group>"; };
		71097A5C29E44F81005B6A9E /* PaymentOrderProtocol.swift */ = {isa = PBXFileReference; lastKnownFileType = sourcecode.swift; path = PaymentOrderProtocol.swift; sourceTree = "<group>"; };
		713572CA29D774E3001C3C9C /* PaymentOrderViewController.swift */ = {isa = PBXFileReference; lastKnownFileType = sourcecode.swift; path = PaymentOrderViewController.swift; sourceTree = "<group>"; };
		714D176429C6350F00175FD2 /* notyng.app */ = {isa = PBXFileReference; explicitFileType = wrapper.application; includeInIndex = 0; path = notyng.app; sourceTree = BUILT_PRODUCTS_DIR; };
		714D176729C6350F00175FD2 /* AppDelegate.swift */ = {isa = PBXFileReference; lastKnownFileType = sourcecode.swift; path = AppDelegate.swift; sourceTree = "<group>"; };
		714D177329C6351200175FD2 /* Assets.xcassets */ = {isa = PBXFileReference; lastKnownFileType = folder.assetcatalog; path = Assets.xcassets; sourceTree = "<group>"; };
		714D177629C6351200175FD2 /* Base */ = {isa = PBXFileReference; lastKnownFileType = file.storyboard; name = Base; path = Base.lproj/LaunchScreen.storyboard; sourceTree = "<group>"; };
		714D177829C6351200175FD2 /* Info.plist */ = {isa = PBXFileReference; lastKnownFileType = text.plist.xml; path = Info.plist; sourceTree = "<group>"; };
		714D178029C63B2F00175FD2 /* Color.swift */ = {isa = PBXFileReference; lastKnownFileType = sourcecode.swift; path = Color.swift; sourceTree = "<group>"; };
		714D178229C7E2E100175FD2 /* ProductConstant.swift */ = {isa = PBXFileReference; lastKnownFileType = sourcecode.swift; path = ProductConstant.swift; sourceTree = "<group>"; };
		714D17CD29C8038700175FD2 /* DataManager.swift */ = {isa = PBXFileReference; lastKnownFileType = sourcecode.swift; path = DataManager.swift; sourceTree = "<group>"; wrapsLines = 0; };
		71619BC829D354B1002AFB3E /* ListProductViewModel.swift */ = {isa = PBXFileReference; lastKnownFileType = sourcecode.swift; path = ListProductViewModel.swift; sourceTree = "<group>"; };
		71619BD129D46B13002AFB3E /* GoogleService-Info.plist */ = {isa = PBXFileReference; fileEncoding = 4; lastKnownFileType = text.plist.xml; path = "GoogleService-Info.plist"; sourceTree = "<group>"; };
		71619BD429D476C8002AFB3E /* Firebase.swift */ = {isa = PBXFileReference; lastKnownFileType = sourcecode.swift; path = Firebase.swift; sourceTree = "<group>"; };
		7182775629CB533B0096E7AC /* Nexa-Heavy.ttf */ = {isa = PBXFileReference; lastKnownFileType = file; path = "Nexa-Heavy.ttf"; sourceTree = "<group>"; };
		7182775729CB533B0096E7AC /* Nexa-ExtraLight.ttf */ = {isa = PBXFileReference; lastKnownFileType = file; path = "Nexa-ExtraLight.ttf"; sourceTree = "<group>"; };
		7182775B29CB56F00096E7AC /* FloatingButton.swift */ = {isa = PBXFileReference; lastKnownFileType = sourcecode.swift; path = FloatingButton.swift; sourceTree = "<group>"; };
		71B248302A014A4B00EAB578 /* PaymentAnalysisViewController.swift */ = {isa = PBXFileReference; lastKnownFileType = sourcecode.swift; path = PaymentAnalysisViewController.swift; sourceTree = "<group>"; };
		71BEEC7029CE0BF5002ED7EF /* Product.swift */ = {isa = PBXFileReference; fileEncoding = 4; lastKnownFileType = sourcecode.swift; path = Product.swift; sourceTree = "<group>"; };
		71BEEC7329CE0BF5002ED7EF /* Order.swift */ = {isa = PBXFileReference; fileEncoding = 4; lastKnownFileType = sourcecode.swift; path = Order.swift; sourceTree = "<group>"; };
		71BEEC7829CE1F64002ED7EF /* AddProductFooterView.swift */ = {isa = PBXFileReference; lastKnownFileType = sourcecode.swift; path = AddProductFooterView.swift; sourceTree = "<group>"; };
		71BEEC7C29CE29F9002ED7EF /* ListProductViewController.swift */ = {isa = PBXFileReference; lastKnownFileType = sourcecode.swift; path = ListProductViewController.swift; sourceTree = "<group>"; };
		71BEEC7F29CE2DC2002ED7EF /* ListProductProtocol.swift */ = {isa = PBXFileReference; lastKnownFileType = sourcecode.swift; path = ListProductProtocol.swift; sourceTree = "<group>"; };
		71BEEC8229CE3B2D002ED7EF /* ListProductTableViewCell.swift */ = {isa = PBXFileReference; lastKnownFileType = sourcecode.swift; path = ListProductTableViewCell.swift; sourceTree = "<group>"; };
		71C1EA3D29CBEBA90003407B /* ProductItem.swift */ = {isa = PBXFileReference; lastKnownFileType = sourcecode.swift; path = ProductItem.swift; sourceTree = "<group>"; };
		71C1EA3F29CCAD670003407B /* Int.swift */ = {isa = PBXFileReference; lastKnownFileType = sourcecode.swift; path = Int.swift; sourceTree = "<group>"; };
		71CC84CB29C8FE310058D1EC /* lottie_order_animation.json */ = {isa = PBXFileReference; fileEncoding = 4; lastKnownFileType = text.json; path = lottie_order_animation.json; sourceTree = "<group>"; };
		71CC84D529C9043E0058D1EC /* Font.swift */ = {isa = PBXFileReference; lastKnownFileType = sourcecode.swift; path = Font.swift; sourceTree = "<group>"; };
		71CC84D729C906070058D1EC /* ValueConst.swift */ = {isa = PBXFileReference; lastKnownFileType = sourcecode.swift; path = ValueConst.swift; sourceTree = "<group>"; };
		71CC84DF29C92F6E0058D1EC /* DashboardViewController.swift */ = {isa = PBXFileReference; fileEncoding = 4; lastKnownFileType = sourcecode.swift; path = DashboardViewController.swift; sourceTree = "<group>"; };
		71CC84E429C9311B0058D1EC /* OrderTableViewCell.swift */ = {isa = PBXFileReference; lastKnownFileType = sourcecode.swift; path = OrderTableViewCell.swift; sourceTree = "<group>"; };
		71CC84E629C93DAC0058D1EC /* Date.swift */ = {isa = PBXFileReference; lastKnownFileType = sourcecode.swift; path = Date.swift; sourceTree = "<group>"; };
		71CC84E829C9BDDA0058D1EC /* Icon.swift */ = {isa = PBXFileReference; lastKnownFileType = sourcecode.swift; path = Icon.swift; sourceTree = "<group>"; };
		71CC84ED29C9C1230058D1EC /* DashboardProtocol.swift */ = {isa = PBXFileReference; lastKnownFileType = sourcecode.swift; path = DashboardProtocol.swift; sourceTree = "<group>"; };
		71CC84F029C9C1470058D1EC /* DashboardViewModel.swift */ = {isa = PBXFileReference; lastKnownFileType = sourcecode.swift; path = DashboardViewModel.swift; sourceTree = "<group>"; };
		71DBF5522A3CED4400C8AE78 /* CopilotTest.swift */ = {isa = PBXFileReference; lastKnownFileType = sourcecode.swift; path = CopilotTest.swift; sourceTree = "<group>"; };
		71E4432829D4C568009A438E /* String.swift */ = {isa = PBXFileReference; lastKnownFileType = sourcecode.swift; path = String.swift; sourceTree = "<group>"; };
		71E4432A29D50885009A438E /* Encodable.swift */ = {isa = PBXFileReference; lastKnownFileType = sourcecode.swift; path = Encodable.swift; sourceTree = "<group>"; };
		71EEB8BE29CCF3900044CE44 /* OrderViewController.swift */ = {isa = PBXFileReference; lastKnownFileType = sourcecode.swift; path = OrderViewController.swift; sourceTree = "<group>"; };
		71EEB8C029CD0B760044CE44 /* HeroId.swift */ = {isa = PBXFileReference; lastKnownFileType = sourcecode.swift; path = HeroId.swift; sourceTree = "<group>"; };
		71EEB8C329CD10F50044CE44 /* ProductTableViewCell.swift */ = {isa = PBXFileReference; lastKnownFileType = sourcecode.swift; path = ProductTableViewCell.swift; sourceTree = "<group>"; };
		71EEB8C629CD653A0044CE44 /* OrderViewModel.swift */ = {isa = PBXFileReference; lastKnownFileType = sourcecode.swift; path = OrderViewModel.swift; sourceTree = "<group>"; };
		71EEB8C929CD65890044CE44 /* OrderProtocol.swift */ = {isa = PBXFileReference; lastKnownFileType = sourcecode.swift; path = OrderProtocol.swift; sourceTree = "<group>"; };
		71F4FCA029F86DCC00BDD195 /* ViewController.swift */ = {isa = PBXFileReference; lastKnownFileType = sourcecode.swift; path = ViewController.swift; sourceTree = "<group>"; };
		71F4FCA229F86E7F00BDD195 /* LoaderView.swift */ = {isa = PBXFileReference; lastKnownFileType = sourcecode.swift; path = LoaderView.swift; sourceTree = "<group>"; };
/* End PBXFileReference section */

/* Begin PBXFrameworksBuildPhase section */
		714D176129C6350F00175FD2 /* Frameworks */ = {
			isa = PBXFrameworksBuildPhase;
			buildActionMask = 2147483647;
			files = (
				71CC84C529C8FB930058D1EC /* IQKeyboardManagerSwift in Frameworks */,
				71EEB8BB29CCF2CF0044CE44 /* Hero in Frameworks */,
				71619BCE29D4664D002AFB3E /* FirebaseCrashlytics in Frameworks */,
				71619BCC29D4664D002AFB3E /* FirebaseAnalytics in Frameworks */,
				71CC84C829C8FBCA0058D1EC /* Lottie in Frameworks */,
				710116652A7D8C8500129614 /* DGCharts in Frameworks */,
				71619BD029D4664D002AFB3E /* FirebaseFirestore in Frameworks */,
			);
			runOnlyForDeploymentPostprocessing = 0;
		};
/* End PBXFrameworksBuildPhase section */

/* Begin PBXGroup section */
		710116662A80728A00129614 /* ViewModel */ = {
			isa = PBXGroup;
			children = (
				710116672A8072A600129614 /* PaymentAnalysisViewModel.swift */,
			);
			path = ViewModel;
			sourceTree = "<group>";
		};
		710116692A80737C00129614 /* Protocol */ = {
			isa = PBXGroup;
			children = (
				7101166A2A80739100129614 /* PaymentAnalysisProtocol.swift */,
			);
			path = Protocol;
			sourceTree = "<group>";
		};
		71097A5629E44B24005B6A9E /* ViewModel */ = {
			isa = PBXGroup;
			children = (
				71097A5729E44B3F005B6A9E /* PaymentOrderViewModel.swift */,
			);
			path = ViewModel;
			sourceTree = "<group>";
		};
		71097A5B29E44F6D005B6A9E /* Protocol */ = {
			isa = PBXGroup;
			children = (
				71097A5C29E44F81005B6A9E /* PaymentOrderProtocol.swift */,
			);
			path = Protocol;
			sourceTree = "<group>";
		};
		713572C829D77485001C3C9C /* Payment */ = {
			isa = PBXGroup;
			children = (
				71097A5B29E44F6D005B6A9E /* Protocol */,
				71097A5629E44B24005B6A9E /* ViewModel */,
				713572C929D77499001C3C9C /* View */,
			);
			path = Payment;
			sourceTree = "<group>";
		};
		713572C929D77499001C3C9C /* View */ = {
			isa = PBXGroup;
			children = (
				713572CA29D774E3001C3C9C /* PaymentOrderViewController.swift */,
			);
			path = View;
			sourceTree = "<group>";
		};
		714D175B29C6350F00175FD2 = {
			isa = PBXGroup;
			children = (
				714D176629C6350F00175FD2 /* notyng */,
				714D176529C6350F00175FD2 /* Products */,
			);
			sourceTree = "<group>";
		};
		714D176529C6350F00175FD2 /* Products */ = {
			isa = PBXGroup;
			children = (
				714D176429C6350F00175FD2 /* notyng.app */,
			);
			name = Products;
			sourceTree = "<group>";
		};
		714D176629C6350F00175FD2 /* notyng */ = {
			isa = PBXGroup;
			children = (
				71CC84DE29C92F6E0058D1EC /* Feature */,
				714D179F29C7EC0500175FD2 /* Model */,
				714D177E29C63B0600175FD2 /* Util */,
				71CC84CA29C8FE230058D1EC /* Resources */,
				714D177529C6351200175FD2 /* LaunchScreen.storyboard */,
				714D177829C6351200175FD2 /* Info.plist */,
			);
			path = notyng;
			sourceTree = "<group>";
		};
		714D177E29C63B0600175FD2 /* Util */ = {
			isa = PBXGroup;
			children = (
				71CC84D929C90DB40058D1EC /* Extension */,
				714D17CC29C8035C00175FD2 /* DataManager */,
				714D177F29C63B0F00175FD2 /* Constants */,
				71DBF5522A3CED4400C8AE78 /* CopilotTest.swift */,
			);
			path = Util;
			sourceTree = "<group>";
		};
		714D177F29C63B0F00175FD2 /* Constants */ = {
			isa = PBXGroup;
			children = (
				714D178029C63B2F00175FD2 /* Color.swift */,
				714D178229C7E2E100175FD2 /* ProductConstant.swift */,
				71CC84D529C9043E0058D1EC /* Font.swift */,
				71CC84D729C906070058D1EC /* ValueConst.swift */,
				71CC84E829C9BDDA0058D1EC /* Icon.swift */,
				71EEB8C029CD0B760044CE44 /* HeroId.swift */,
				71619BD429D476C8002AFB3E /* Firebase.swift */,
				71097A5929E44C11005B6A9E /* PaymentMethod.swift */,
			);
			path = Constants;
			sourceTree = "<group>";
		};
		714D179F29C7EC0500175FD2 /* Model */ = {
			isa = PBXGroup;
			children = (
				71BEEC7329CE0BF5002ED7EF /* Order.swift */,
				71BEEC7029CE0BF5002ED7EF /* Product.swift */,
			);
			path = Model;
			sourceTree = "<group>";
		};
		714D17CC29C8035C00175FD2 /* DataManager */ = {
			isa = PBXGroup;
			children = (
				714D17CD29C8038700175FD2 /* DataManager.swift */,
			);
			path = DataManager;
			sourceTree = "<group>";
		};
		71619BC729D35492002AFB3E /* ViewModel */ = {
			isa = PBXGroup;
			children = (
				71619BC829D354B1002AFB3E /* ListProductViewModel.swift */,
			);
			path = ViewModel;
			sourceTree = "<group>";
		};
		7182775A29CB56D40096E7AC /* Component */ = {
			isa = PBXGroup;
			children = (
				7182775B29CB56F00096E7AC /* FloatingButton.swift */,
				71C1EA3D29CBEBA90003407B /* ProductItem.swift */,
				71BEEC7829CE1F64002ED7EF /* AddProductFooterView.swift */,
				71097A5429E44529005B6A9E /* MethodTextField.swift */,
				71F4FCA229F86E7F00BDD195 /* LoaderView.swift */,
			);
			path = Component;
			sourceTree = "<group>";
		};
		71B2482E2A0149FB00EAB578 /* PaymentAnalysis */ = {
			isa = PBXGroup;
			children = (
				710116692A80737C00129614 /* Protocol */,
				710116662A80728A00129614 /* ViewModel */,
				71B2482F2A014A2500EAB578 /* View */,
			);
			path = PaymentAnalysis;
			sourceTree = "<group>";
		};
		71B2482F2A014A2500EAB578 /* View */ = {
			isa = PBXGroup;
			children = (
				71B248302A014A4B00EAB578 /* PaymentAnalysisViewController.swift */,
			);
			path = View;
			sourceTree = "<group>";
		};
		71BEEC7A29CE29CA002ED7EF /* Products */ = {
			isa = PBXGroup;
			children = (
				71619BC729D35492002AFB3E /* ViewModel */,
				71BEEC7E29CE2DAC002ED7EF /* Protocol */,
				71BEEC7B29CE29DA002ED7EF /* View */,
			);
			path = Products;
			sourceTree = "<group>";
		};
		71BEEC7B29CE29DA002ED7EF /* View */ = {
			isa = PBXGroup;
			children = (
				71BEEC8129CE3ADB002ED7EF /* Cell */,
				71BEEC7C29CE29F9002ED7EF /* ListProductViewController.swift */,
			);
			path = View;
			sourceTree = "<group>";
		};
		71BEEC7E29CE2DAC002ED7EF /* Protocol */ = {
			isa = PBXGroup;
			children = (
				71BEEC7F29CE2DC2002ED7EF /* ListProductProtocol.swift */,
			);
			path = Protocol;
			sourceTree = "<group>";
		};
		71BEEC8129CE3ADB002ED7EF /* Cell */ = {
			isa = PBXGroup;
			children = (
				71BEEC8229CE3B2D002ED7EF /* ListProductTableViewCell.swift */,
			);
			path = Cell;
			sourceTree = "<group>";
		};
		71CC84CA29C8FE230058D1EC /* Resources */ = {
			isa = PBXGroup;
			children = (
				71619BD129D46B13002AFB3E /* GoogleService-Info.plist */,
				7182775A29CB56D40096E7AC /* Component */,
				714D176729C6350F00175FD2 /* AppDelegate.swift */,
				71CC84E129C92FC20058D1EC /* Font */,
				71CC84CB29C8FE310058D1EC /* lottie_order_animation.json */,
				714D177329C6351200175FD2 /* Assets.xcassets */,
			);
			path = Resources;
			sourceTree = "<group>";
		};
		71CC84D929C90DB40058D1EC /* Extension */ = {
			isa = PBXGroup;
			children = (
				71CC84E629C93DAC0058D1EC /* Date.swift */,
				71C1EA3F29CCAD670003407B /* Int.swift */,
				71E4432829D4C568009A438E /* String.swift */,
				71E4432A29D50885009A438E /* Encodable.swift */,
				71F4FCA029F86DCC00BDD195 /* ViewController.swift */,
			);
			path = Extension;
			sourceTree = "<group>";
		};
		71CC84DE29C92F6E0058D1EC /* Feature */ = {
			isa = PBXGroup;
			children = (
				71B2482E2A0149FB00EAB578 /* PaymentAnalysis */,
				713572C829D77485001C3C9C /* Payment */,
				71BEEC7A29CE29CA002ED7EF /* Products */,
				71EEB8BC29CCF35B0044CE44 /* Order */,
				71CC84EA29C9C0F00058D1EC /* Dashboard */,
			);
			path = Feature;
			sourceTree = "<group>";
		};
		71CC84E129C92FC20058D1EC /* Font */ = {
			isa = PBXGroup;
			children = (
				7182775729CB533B0096E7AC /* Nexa-ExtraLight.ttf */,
				7182775629CB533B0096E7AC /* Nexa-Heavy.ttf */,
			);
			path = Font;
			sourceTree = "<group>";
		};
		71CC84E229C92FD60058D1EC /* View */ = {
			isa = PBXGroup;
			children = (
				71CC84E329C92FDC0058D1EC /* Cell */,
				71CC84DF29C92F6E0058D1EC /* DashboardViewController.swift */,
			);
			path = View;
			sourceTree = "<group>";
		};
		71CC84E329C92FDC0058D1EC /* Cell */ = {
			isa = PBXGroup;
			children = (
				71CC84E429C9311B0058D1EC /* OrderTableViewCell.swift */,
			);
			path = Cell;
			sourceTree = "<group>";
		};
		71CC84EA29C9C0F00058D1EC /* Dashboard */ = {
			isa = PBXGroup;
			children = (
				71CC84EF29C9C12D0058D1EC /* ViewModel */,
				71CC84EB29C9C1030058D1EC /* Protocol */,
				71CC84E229C92FD60058D1EC /* View */,
			);
			path = Dashboard;
			sourceTree = "<group>";
		};
		71CC84EB29C9C1030058D1EC /* Protocol */ = {
			isa = PBXGroup;
			children = (
				71CC84ED29C9C1230058D1EC /* DashboardProtocol.swift */,
			);
			path = Protocol;
			sourceTree = "<group>";
		};
		71CC84EF29C9C12D0058D1EC /* ViewModel */ = {
			isa = PBXGroup;
			children = (
				71CC84F029C9C1470058D1EC /* DashboardViewModel.swift */,
			);
			path = ViewModel;
			sourceTree = "<group>";
		};
		71EEB8BC29CCF35B0044CE44 /* Order */ = {
			isa = PBXGroup;
			children = (
				71EEB8C829CD657C0044CE44 /* Protocol */,
				71EEB8C529CD651E0044CE44 /* ViewModel */,
				71EEB8BD29CCF3700044CE44 /* View */,
			);
			path = Order;
			sourceTree = "<group>";
		};
		71EEB8BD29CCF3700044CE44 /* View */ = {
			isa = PBXGroup;
			children = (
				71EEB8C229CD10D30044CE44 /* Cell */,
				71EEB8BE29CCF3900044CE44 /* OrderViewController.swift */,
			);
			path = View;
			sourceTree = "<group>";
		};
		71EEB8C229CD10D30044CE44 /* Cell */ = {
			isa = PBXGroup;
			children = (
				71EEB8C329CD10F50044CE44 /* ProductTableViewCell.swift */,
			);
			path = Cell;
			sourceTree = "<group>";
		};
		71EEB8C529CD651E0044CE44 /* ViewModel */ = {
			isa = PBXGroup;
			children = (
				71EEB8C629CD653A0044CE44 /* OrderViewModel.swift */,
			);
			path = ViewModel;
			sourceTree = "<group>";
		};
		71EEB8C829CD657C0044CE44 /* Protocol */ = {
			isa = PBXGroup;
			children = (
				71EEB8C929CD65890044CE44 /* OrderProtocol.swift */,
			);
			path = Protocol;
			sourceTree = "<group>";
		};
/* End PBXGroup section */

/* Begin PBXNativeTarget section */
		714D176329C6350F00175FD2 /* notyng */ = {
			isa = PBXNativeTarget;
			buildConfigurationList = 714D177B29C6351200175FD2 /* Build configuration list for PBXNativeTarget "notyng" */;
			buildPhases = (
				714D176029C6350F00175FD2 /* Sources */,
				714D176129C6350F00175FD2 /* Frameworks */,
				714D176229C6350F00175FD2 /* Resources */,
				71619BD329D46BE7002AFB3E /* ShellScript */,
			);
			buildRules = (
			);
			dependencies = (
			);
			name = notyng;
			packageProductDependencies = (
				71CC84C429C8FB930058D1EC /* IQKeyboardManagerSwift */,
				71CC84C729C8FBCA0058D1EC /* Lottie */,
				71EEB8BA29CCF2CF0044CE44 /* Hero */,
				71619BCB29D4664D002AFB3E /* FirebaseAnalytics */,
				71619BCD29D4664D002AFB3E /* FirebaseCrashlytics */,
				71619BCF29D4664D002AFB3E /* FirebaseFirestore */,
				710116642A7D8C8500129614 /* DGCharts */,
			);
			productName = notyng;
			productReference = 714D176429C6350F00175FD2 /* notyng.app */;
			productType = "com.apple.product-type.application";
		};
/* End PBXNativeTarget section */

/* Begin PBXProject section */
		714D175C29C6350F00175FD2 /* Project object */ = {
			isa = PBXProject;
			attributes = {
				BuildIndependentTargetsInParallel = 1;
				LastSwiftUpdateCheck = 1420;
				LastUpgradeCheck = 1420;
				TargetAttributes = {
					714D176329C6350F00175FD2 = {
						CreatedOnToolsVersion = 14.2;
					};
				};
			};
			buildConfigurationList = 714D175F29C6350F00175FD2 /* Build configuration list for PBXProject "notyng" */;
			compatibilityVersion = "Xcode 14.0";
			developmentRegion = en;
			hasScannedForEncodings = 0;
			knownRegions = (
				en,
				Base,
			);
			mainGroup = 714D175B29C6350F00175FD2;
			packageReferences = (
				71CC84C329C8FB930058D1EC /* XCRemoteSwiftPackageReference "IQKeyboardManager" */,
				71CC84C629C8FBCA0058D1EC /* XCRemoteSwiftPackageReference "lottie-spm" */,
				71EEB8B929CCF2CF0044CE44 /* XCRemoteSwiftPackageReference "Hero" */,
				71619BCA29D4664D002AFB3E /* XCRemoteSwiftPackageReference "firebase-ios-sdk" */,
				710116632A7D8C8500129614 /* XCRemoteSwiftPackageReference "Charts" */,
			);
			productRefGroup = 714D176529C6350F00175FD2 /* Products */;
			projectDirPath = "";
			projectRoot = "";
			targets = (
				714D176329C6350F00175FD2 /* notyng */,
			);
		};
/* End PBXProject section */

/* Begin PBXResourcesBuildPhase section */
		714D176229C6350F00175FD2 /* Resources */ = {
			isa = PBXResourcesBuildPhase;
			buildActionMask = 2147483647;
			files = (
				7182775829CB533C0096E7AC /* Nexa-Heavy.ttf in Resources */,
				714D177729C6351200175FD2 /* LaunchScreen.storyboard in Resources */,
				7182775929CB533C0096E7AC /* Nexa-ExtraLight.ttf in Resources */,
				71CC84CC29C8FE310058D1EC /* lottie_order_animation.json in Resources */,
				714D177429C6351200175FD2 /* Assets.xcassets in Resources */,
				71619BD229D46B13002AFB3E /* GoogleService-Info.plist in Resources */,
			);
			runOnlyForDeploymentPostprocessing = 0;
		};
/* End PBXResourcesBuildPhase section */

/* Begin PBXShellScriptBuildPhase section */
		71619BD329D46BE7002AFB3E /* ShellScript */ = {
			isa = PBXShellScriptBuildPhase;
			buildActionMask = 2147483647;
			files = (
			);
			inputFileListPaths = (
			);
			inputPaths = (
				"${DWARF_DSYM_FOLDER_PATH}/${DWARF_DSYM_FILE_NAME}/Contents/Resources/DWARF/${TARGET_NAME}",
				"$(SRCROOT)/$(BUILT_PRODUCTS_DIR)/$(INFOPLIST_PATH)",
			);
			outputFileListPaths = (
			);
			outputPaths = (
			);
			runOnlyForDeploymentPostprocessing = 0;
			shellPath = /bin/sh;
			shellScript = "# Type a script or drag a script file from your workspace to insert its path.\n\"${BUILD_DIR%/Build/*}/SourcePackages/checkouts/firebase-ios-sdk/Crashlytics/run\"\n";
		};
/* End PBXShellScriptBuildPhase section */

/* Begin PBXSourcesBuildPhase section */
		714D176029C6350F00175FD2 /* Sources */ = {
			isa = PBXSourcesBuildPhase;
			buildActionMask = 2147483647;
			files = (
				71CC84E929C9BDDA0058D1EC /* Icon.swift in Sources */,
				714D176829C6350F00175FD2 /* AppDelegate.swift in Sources */,
				71BEEC8029CE2DC2002ED7EF /* ListProductProtocol.swift in Sources */,
				71CC84F129C9C1470058D1EC /* DashboardViewModel.swift in Sources */,
				71097A5829E44B3F005B6A9E /* PaymentOrderViewModel.swift in Sources */,
				7101166B2A80739100129614 /* PaymentAnalysisProtocol.swift in Sources */,
				71097A5D29E44F81005B6A9E /* PaymentOrderProtocol.swift in Sources */,
				71E4432B29D50885009A438E /* Encodable.swift in Sources */,
				71F4FCA329F86E7F00BDD195 /* LoaderView.swift in Sources */,
				71B248312A014A4B00EAB578 /* PaymentAnalysisViewController.swift in Sources */,
				71CC84E729C93DAC0058D1EC /* Date.swift in Sources */,
				71C1EA4029CCAD670003407B /* Int.swift in Sources */,
				7182775C29CB56F00096E7AC /* FloatingButton.swift in Sources */,
				713572CB29D774E3001C3C9C /* PaymentOrderViewController.swift in Sources */,
				71EEB8BF29CCF3900044CE44 /* OrderViewController.swift in Sources */,
				71619BD529D476C8002AFB3E /* Firebase.swift in Sources */,
				71BEEC7929CE1F64002ED7EF /* AddProductFooterView.swift in Sources */,
				71EEB8C729CD653A0044CE44 /* OrderViewModel.swift in Sources */,
				71C1EA3E29CBEBA90003407B /* ProductItem.swift in Sources */,
				71E4432929D4C568009A438E /* String.swift in Sources */,
				71CC84E529C9311B0058D1EC /* OrderTableViewCell.swift in Sources */,
				71F4FCA129F86DCD00BDD195 /* ViewController.swift in Sources */,
				71EEB8C129CD0B760044CE44 /* HeroId.swift in Sources */,
				71EEB8CA29CD65890044CE44 /* OrderProtocol.swift in Sources */,
				714D178129C63B2F00175FD2 /* Color.swift in Sources */,
				71CC84D629C9043E0058D1EC /* Font.swift in Sources */,
				71619BC929D354B1002AFB3E /* ListProductViewModel.swift in Sources */,
				71BEEC8329CE3B2D002ED7EF /* ListProductTableViewCell.swift in Sources */,
				71EEB8C429CD10F50044CE44 /* ProductTableViewCell.swift in Sources */,
				71097A5A29E44C11005B6A9E /* PaymentMethod.swift in Sources */,
				714D17CE29C8038700175FD2 /* DataManager.swift in Sources */,
				71DBF5532A3CED4400C8AE78 /* CopilotTest.swift in Sources */,
				710116682A8072A600129614 /* PaymentAnalysisViewModel.swift in Sources */,
				71BEEC7729CE0BF5002ED7EF /* Order.swift in Sources */,
				71BEEC7D29CE29F9002ED7EF /* ListProductViewController.swift in Sources */,
				71097A5529E44529005B6A9E /* MethodTextField.swift in Sources */,
				71CC84EE29C9C1230058D1EC /* DashboardProtocol.swift in Sources */,
				71BEEC7429CE0BF5002ED7EF /* Product.swift in Sources */,
				71CC84D829C906070058D1EC /* ValueConst.swift in Sources */,
				714D178329C7E2E100175FD2 /* ProductConstant.swift in Sources */,
				71CC84E029C92F6E0058D1EC /* DashboardViewController.swift in Sources */,
			);
			runOnlyForDeploymentPostprocessing = 0;
		};
/* End PBXSourcesBuildPhase section */

/* Begin PBXVariantGroup section */
		714D177529C6351200175FD2 /* LaunchScreen.storyboard */ = {
			isa = PBXVariantGroup;
			children = (
				714D177629C6351200175FD2 /* Base */,
			);
			name = LaunchScreen.storyboard;
			sourceTree = "<group>";
		};
/* End PBXVariantGroup section */

/* Begin XCBuildConfiguration section */
		714D177929C6351200175FD2 /* Debug */ = {
			isa = XCBuildConfiguration;
			buildSettings = {
				ALWAYS_SEARCH_USER_PATHS = NO;
				CLANG_ANALYZER_NONNULL = YES;
				CLANG_ANALYZER_NUMBER_OBJECT_CONVERSION = YES_AGGRESSIVE;
				CLANG_CXX_LANGUAGE_STANDARD = "gnu++20";
				CLANG_ENABLE_MODULES = YES;
				CLANG_ENABLE_OBJC_ARC = YES;
				CLANG_ENABLE_OBJC_WEAK = YES;
				CLANG_WARN_BLOCK_CAPTURE_AUTORELEASING = YES;
				CLANG_WARN_BOOL_CONVERSION = YES;
				CLANG_WARN_COMMA = YES;
				CLANG_WARN_CONSTANT_CONVERSION = YES;
				CLANG_WARN_DEPRECATED_OBJC_IMPLEMENTATIONS = YES;
				CLANG_WARN_DIRECT_OBJC_ISA_USAGE = YES_ERROR;
				CLANG_WARN_DOCUMENTATION_COMMENTS = YES;
				CLANG_WARN_EMPTY_BODY = YES;
				CLANG_WARN_ENUM_CONVERSION = YES;
				CLANG_WARN_INFINITE_RECURSION = YES;
				CLANG_WARN_INT_CONVERSION = YES;
				CLANG_WARN_NON_LITERAL_NULL_CONVERSION = YES;
				CLANG_WARN_OBJC_IMPLICIT_RETAIN_SELF = YES;
				CLANG_WARN_OBJC_LITERAL_CONVERSION = YES;
				CLANG_WARN_OBJC_ROOT_CLASS = YES_ERROR;
				CLANG_WARN_QUOTED_INCLUDE_IN_FRAMEWORK_HEADER = YES;
				CLANG_WARN_RANGE_LOOP_ANALYSIS = YES;
				CLANG_WARN_STRICT_PROTOTYPES = YES;
				CLANG_WARN_SUSPICIOUS_MOVE = YES;
				CLANG_WARN_UNGUARDED_AVAILABILITY = YES_AGGRESSIVE;
				CLANG_WARN_UNREACHABLE_CODE = YES;
				CLANG_WARN__DUPLICATE_METHOD_MATCH = YES;
				COPY_PHASE_STRIP = NO;
				DEBUG_INFORMATION_FORMAT = dwarf;
				ENABLE_STRICT_OBJC_MSGSEND = YES;
				ENABLE_TESTABILITY = YES;
				GCC_C_LANGUAGE_STANDARD = gnu11;
				GCC_DYNAMIC_NO_PIC = NO;
				GCC_NO_COMMON_BLOCKS = YES;
				GCC_OPTIMIZATION_LEVEL = 0;
				GCC_PREPROCESSOR_DEFINITIONS = (
					"DEBUG=1",
					"$(inherited)",
				);
				GCC_WARN_64_TO_32_BIT_CONVERSION = YES;
				GCC_WARN_ABOUT_RETURN_TYPE = YES_ERROR;
				GCC_WARN_UNDECLARED_SELECTOR = YES;
				GCC_WARN_UNINITIALIZED_AUTOS = YES_AGGRESSIVE;
				GCC_WARN_UNUSED_FUNCTION = YES;
				GCC_WARN_UNUSED_VARIABLE = YES;
				IPHONEOS_DEPLOYMENT_TARGET = 16.2;
				MTL_ENABLE_DEBUG_INFO = INCLUDE_SOURCE;
				MTL_FAST_MATH = YES;
				ONLY_ACTIVE_ARCH = YES;
				SDKROOT = iphoneos;
				SWIFT_ACTIVE_COMPILATION_CONDITIONS = DEBUG;
				SWIFT_OPTIMIZATION_LEVEL = "-Onone";
			};
			name = Debug;
		};
		714D177A29C6351200175FD2 /* Release */ = {
			isa = XCBuildConfiguration;
			buildSettings = {
				ALWAYS_SEARCH_USER_PATHS = NO;
				CLANG_ANALYZER_NONNULL = YES;
				CLANG_ANALYZER_NUMBER_OBJECT_CONVERSION = YES_AGGRESSIVE;
				CLANG_CXX_LANGUAGE_STANDARD = "gnu++20";
				CLANG_ENABLE_MODULES = YES;
				CLANG_ENABLE_OBJC_ARC = YES;
				CLANG_ENABLE_OBJC_WEAK = YES;
				CLANG_WARN_BLOCK_CAPTURE_AUTORELEASING = YES;
				CLANG_WARN_BOOL_CONVERSION = YES;
				CLANG_WARN_COMMA = YES;
				CLANG_WARN_CONSTANT_CONVERSION = YES;
				CLANG_WARN_DEPRECATED_OBJC_IMPLEMENTATIONS = YES;
				CLANG_WARN_DIRECT_OBJC_ISA_USAGE = YES_ERROR;
				CLANG_WARN_DOCUMENTATION_COMMENTS = YES;
				CLANG_WARN_EMPTY_BODY = YES;
				CLANG_WARN_ENUM_CONVERSION = YES;
				CLANG_WARN_INFINITE_RECURSION = YES;
				CLANG_WARN_INT_CONVERSION = YES;
				CLANG_WARN_NON_LITERAL_NULL_CONVERSION = YES;
				CLANG_WARN_OBJC_IMPLICIT_RETAIN_SELF = YES;
				CLANG_WARN_OBJC_LITERAL_CONVERSION = YES;
				CLANG_WARN_OBJC_ROOT_CLASS = YES_ERROR;
				CLANG_WARN_QUOTED_INCLUDE_IN_FRAMEWORK_HEADER = YES;
				CLANG_WARN_RANGE_LOOP_ANALYSIS = YES;
				CLANG_WARN_STRICT_PROTOTYPES = YES;
				CLANG_WARN_SUSPICIOUS_MOVE = YES;
				CLANG_WARN_UNGUARDED_AVAILABILITY = YES_AGGRESSIVE;
				CLANG_WARN_UNREACHABLE_CODE = YES;
				CLANG_WARN__DUPLICATE_METHOD_MATCH = YES;
				COPY_PHASE_STRIP = NO;
				DEBUG_INFORMATION_FORMAT = "dwarf-with-dsym";
				ENABLE_NS_ASSERTIONS = NO;
				ENABLE_STRICT_OBJC_MSGSEND = YES;
				GCC_C_LANGUAGE_STANDARD = gnu11;
				GCC_NO_COMMON_BLOCKS = YES;
				GCC_WARN_64_TO_32_BIT_CONVERSION = YES;
				GCC_WARN_ABOUT_RETURN_TYPE = YES_ERROR;
				GCC_WARN_UNDECLARED_SELECTOR = YES;
				GCC_WARN_UNINITIALIZED_AUTOS = YES_AGGRESSIVE;
				GCC_WARN_UNUSED_FUNCTION = YES;
				GCC_WARN_UNUSED_VARIABLE = YES;
				IPHONEOS_DEPLOYMENT_TARGET = 16.2;
				MTL_ENABLE_DEBUG_INFO = NO;
				MTL_FAST_MATH = YES;
				SDKROOT = iphoneos;
				SWIFT_COMPILATION_MODE = wholemodule;
				SWIFT_OPTIMIZATION_LEVEL = "-O";
				VALIDATE_PRODUCT = YES;
			};
			name = Release;
		};
		714D177C29C6351200175FD2 /* Debug */ = {
			isa = XCBuildConfiguration;
			buildSettings = {
				ASSETCATALOG_COMPILER_APPICON_NAME = AppIcon;
				ASSETCATALOG_COMPILER_GLOBAL_ACCENT_COLOR_NAME = AccentColor;
				CODE_SIGN_IDENTITY = "Apple Development";
				CODE_SIGN_STYLE = Automatic;
				CURRENT_PROJECT_VERSION = 1;
				DEBUG_INFORMATION_FORMAT = "dwarf-with-dsym";
				DEVELOPMENT_TEAM = VCE77X465D;
				GENERATE_INFOPLIST_FILE = YES;
				INFOPLIST_FILE = notyng/Info.plist;
				INFOPLIST_KEY_CFBundleDisplayName = notyn;
				INFOPLIST_KEY_LSApplicationCategoryType = "public.app-category.productivity";
				INFOPLIST_KEY_UIApplicationSupportsIndirectInputEvents = YES;
				INFOPLIST_KEY_UILaunchStoryboardName = LaunchScreen;
				INFOPLIST_KEY_UISupportedInterfaceOrientations = "UIInterfaceOrientationPortrait UIInterfaceOrientationPortraitUpsideDown";
				INFOPLIST_KEY_UISupportedInterfaceOrientations_iPad = "UIInterfaceOrientationLandscapeLeft UIInterfaceOrientationLandscapeRight UIInterfaceOrientationPortrait UIInterfaceOrientationPortraitUpsideDown";
				INFOPLIST_KEY_UIUserInterfaceStyle = Light;
				IPHONEOS_DEPLOYMENT_TARGET = 12.0;
				LD_RUNPATH_SEARCH_PATHS = (
					"$(inherited)",
					"@executable_path/Frameworks",
				);
				MARKETING_VERSION = 1.0;
				PRODUCT_BUNDLE_IDENTIFIER = com.cubit.notyn.app;
				PRODUCT_NAME = "$(TARGET_NAME)";
				PROVISIONING_PROFILE_SPECIFIER = "";
				SWIFT_EMIT_LOC_STRINGS = YES;
				SWIFT_VERSION = 5.0;
				TARGETED_DEVICE_FAMILY = "1,2";
			};
			name = Debug;
		};
		714D177D29C6351200175FD2 /* Release */ = {
			isa = XCBuildConfiguration;
			buildSettings = {
				ASSETCATALOG_COMPILER_APPICON_NAME = AppIcon;
				ASSETCATALOG_COMPILER_GLOBAL_ACCENT_COLOR_NAME = AccentColor;
				CODE_SIGN_IDENTITY = "Apple Development";
				CODE_SIGN_STYLE = Automatic;
				CURRENT_PROJECT_VERSION = 1;
				DEVELOPMENT_TEAM = VCE77X465D;
				GENERATE_INFOPLIST_FILE = YES;
				INFOPLIST_FILE = notyng/Info.plist;
				INFOPLIST_KEY_CFBundleDisplayName = notyn;
				INFOPLIST_KEY_LSApplicationCategoryType = "public.app-category.productivity";
				INFOPLIST_KEY_UIApplicationSupportsIndirectInputEvents = YES;
				INFOPLIST_KEY_UILaunchStoryboardName = LaunchScreen;
				INFOPLIST_KEY_UISupportedInterfaceOrientations = "UIInterfaceOrientationPortrait UIInterfaceOrientationPortraitUpsideDown";
				INFOPLIST_KEY_UISupportedInterfaceOrientations_iPad = "UIInterfaceOrientationLandscapeLeft UIInterfaceOrientationLandscapeRight UIInterfaceOrientationPortrait UIInterfaceOrientationPortraitUpsideDown";
				INFOPLIST_KEY_UIUserInterfaceStyle = Light;
				IPHONEOS_DEPLOYMENT_TARGET = 12.0;
				LD_RUNPATH_SEARCH_PATHS = (
					"$(inherited)",
					"@executable_path/Frameworks",
				);
				MARKETING_VERSION = 1.0;
				PRODUCT_BUNDLE_IDENTIFIER = com.cubit.notyn.app;
				PRODUCT_NAME = "$(TARGET_NAME)";
				PROVISIONING_PROFILE_SPECIFIER = "";
				SWIFT_EMIT_LOC_STRINGS = YES;
				SWIFT_VERSION = 5.0;
				TARGETED_DEVICE_FAMILY = "1,2";
			};
			name = Release;
		};
/* End XCBuildConfiguration section */

/* Begin XCConfigurationList section */
		714D175F29C6350F00175FD2 /* Build configuration list for PBXProject "notyng" */ = {
			isa = XCConfigurationList;
			buildConfigurations = (
				714D177929C6351200175FD2 /* Debug */,
				714D177A29C6351200175FD2 /* Release */,
			);
			defaultConfigurationIsVisible = 0;
			defaultConfigurationName = Release;
		};
		714D177B29C6351200175FD2 /* Build configuration list for PBXNativeTarget "notyng" */ = {
			isa = XCConfigurationList;
			buildConfigurations = (
				714D177C29C6351200175FD2 /* Debug */,
				714D177D29C6351200175FD2 /* Release */,
			);
			defaultConfigurationIsVisible = 0;
			defaultConfigurationName = Release;
		};
/* End XCConfigurationList section */

/* Begin XCRemoteSwiftPackageReference section */
		710116632A7D8C8500129614 /* XCRemoteSwiftPackageReference "Charts" */ = {
			isa = XCRemoteSwiftPackageReference;
			repositoryURL = "https://github.com/danielgindi/Charts.git";
			requirement = {
				kind = upToNextMajorVersion;
				minimumVersion = 5.0.0;
			};
		};
		71619BCA29D4664D002AFB3E /* XCRemoteSwiftPackageReference "firebase-ios-sdk" */ = {
			isa = XCRemoteSwiftPackageReference;
			repositoryURL = "https://github.com/firebase/firebase-ios-sdk";
			requirement = {
				kind = upToNextMajorVersion;
				minimumVersion = 9.0.0;
			};
		};
		71CC84C329C8FB930058D1EC /* XCRemoteSwiftPackageReference "IQKeyboardManager" */ = {
			isa = XCRemoteSwiftPackageReference;
			repositoryURL = "https://github.com/hackiftekhar/IQKeyboardManager";
			requirement = {
				branch = master;
				kind = branch;
			};
		};
		71CC84C629C8FBCA0058D1EC /* XCRemoteSwiftPackageReference "lottie-spm" */ = {
			isa = XCRemoteSwiftPackageReference;
			repositoryURL = "https://github.com/airbnb/lottie-spm.git";
			requirement = {
				kind = upToNextMajorVersion;
				minimumVersion = 4.0.0;
			};
		};
		71EEB8B929CCF2CF0044CE44 /* XCRemoteSwiftPackageReference "Hero" */ = {
			isa = XCRemoteSwiftPackageReference;
			repositoryURL = "https://github.com/HeroTransitions/Hero.git";
			requirement = {
				kind = upToNextMajorVersion;
				minimumVersion = 1.0.0;
			};
		};
/* End XCRemoteSwiftPackageReference section */

/* Begin XCSwiftPackageProductDependency section */
		710116642A7D8C8500129614 /* DGCharts */ = {
			isa = XCSwiftPackageProductDependency;
			package = 710116632A7D8C8500129614 /* XCRemoteSwiftPackageReference "Charts" */;
			productName = DGCharts;
		};
		71619BCB29D4664D002AFB3E /* FirebaseAnalytics */ = {
			isa = XCSwiftPackageProductDependency;
			package = 71619BCA29D4664D002AFB3E /* XCRemoteSwiftPackageReference "firebase-ios-sdk" */;
			productName = FirebaseAnalytics;
		};
		71619BCD29D4664D002AFB3E /* FirebaseCrashlytics */ = {
			isa = XCSwiftPackageProductDependency;
			package = 71619BCA29D4664D002AFB3E /* XCRemoteSwiftPackageReference "firebase-ios-sdk" */;
			productName = FirebaseCrashlytics;
		};
		71619BCF29D4664D002AFB3E /* FirebaseFirestore */ = {
			isa = XCSwiftPackageProductDependency;
			package = 71619BCA29D4664D002AFB3E /* XCRemoteSwiftPackageReference "firebase-ios-sdk" */;
			productName = FirebaseFirestore;
		};
		71CC84C429C8FB930058D1EC /* IQKeyboardManagerSwift */ = {
			isa = XCSwiftPackageProductDependency;
			package = 71CC84C329C8FB930058D1EC /* XCRemoteSwiftPackageReference "IQKeyboardManager" */;
			productName = IQKeyboardManagerSwift;
		};
		71CC84C729C8FBCA0058D1EC /* Lottie */ = {
			isa = XCSwiftPackageProductDependency;
			package = 71CC84C629C8FBCA0058D1EC /* XCRemoteSwiftPackageReference "lottie-spm" */;
			productName = Lottie;
		};
		71EEB8BA29CCF2CF0044CE44 /* Hero */ = {
			isa = XCSwiftPackageProductDependency;
			package = 71EEB8B929CCF2CF0044CE44 /* XCRemoteSwiftPackageReference "Hero" */;
			productName = Hero;
		};
/* End XCSwiftPackageProductDependency section */
	};
	rootObject = 714D175C29C6350F00175FD2 /* Project object */;
}
